
Microsoft Visual Studio Solution File, Format Version 12.00
# Visual Studio Version 17
VisualStudioVersion = 17.0.31903.59
MinimumVisualStudioVersion = 10.0.40219.1
Project("{2150E333-8FDC-42A3-9474-1A3956D46DE8}") = "src", "src", "{7A0634AD-F7FC-4E09-9BF5-677314379190}"
EndProject
Project("{2150E333-8FDC-42A3-9474-1A3956D46DE8}") = "1_merge-strings-alternately", "1_merge-strings-alternately", "{3925DF05-96F4-4B5C-8B4B-4198983F782D}"
EndProject
Project("{2150E333-8FDC-42A3-9474-1A3956D46DE8}") = "csharp", "csharp", "{24F693E6-9E98-4D09-84D1-29865E49A3E6}"
EndProject
Project("{FAE04EC0-301F-11D3-BF4B-00C04F79EFBC}") = "Program", "src\1_merge-strings-alternately\csharp\Program\Program.csproj", "{4ED2A90F-88C6-4C20-BDB1-43C317104F8D}"
EndProject
Project("{FAE04EC0-301F-11D3-BF4B-00C04F79EFBC}") = "Program.Tests", "src\1_merge-strings-alternately\csharp\Program.Tests\Program.Tests.csproj", "{EC80E732-8560-46EC-9825-8E268497C023}"
EndProject
Project("{2150E333-8FDC-42A3-9474-1A3956D46DE8}") = "2_greatest-common-divisor-of-strings", "2_greatest-common-divisor-of-strings", "{820B48AD-4023-444A-87C2-69A8042B4685}"
EndProject
Project("{2150E333-8FDC-42A3-9474-1A3956D46DE8}") = "csharp", "csharp", "{09AEC369-B626-4023-9B98-63846712FDC0}"
EndProject
Project("{FAE04EC0-301F-11D3-BF4B-00C04F79EFBC}") = "Program", "src\2_greatest-common-divisor-of-strings\csharp\Program\Program.csproj", "{CCCBD5E7-422A-444A-AB1D-F4D46CA3C8DA}"
EndProject
Project("{FAE04EC0-301F-11D3-BF4B-00C04F79EFBC}") = "Program.Tests", "src\2_greatest-common-divisor-of-strings\csharp\Program.Tests\Program.Tests.csproj", "{7C99D49C-9E84-4034-982D-B572407ED1DB}"
EndProject
Project("{2150E333-8FDC-42A3-9474-1A3956D46DE8}") = "3_kids-with-the-greatest-number-of-candies", "3_kids-with-the-greatest-number-of-candies", "{798F7942-F7A5-4800-ABE6-58C1463A212F}"
EndProject
Project("{2150E333-8FDC-42A3-9474-1A3956D46DE8}") = "csharp", "csharp", "{10555AA4-B3C8-49D2-AD6A-5275BD6D8115}"
EndProject
Project("{FAE04EC0-301F-11D3-BF4B-00C04F79EFBC}") = "Program", "src\3_kids-with-the-greatest-number-of-candies\csharp\Program\Program.csproj", "{40513EDB-87E8-4B20-AA16-2C8B325F7323}"
EndProject
Project("{FAE04EC0-301F-11D3-BF4B-00C04F79EFBC}") = "Program.Tests", "src\3_kids-with-the-greatest-number-of-candies\csharp\Program.Tests\Program.Tests.csproj", "{61E6BB97-B157-42D5-BD9B-D5BB7A7CB6C6}"
EndProject
Project("{2150E333-8FDC-42A3-9474-1A3956D46DE8}") = "4_can-place-flowers", "4_can-place-flowers", "{10C02614-20E6-45BB-B10D-AA4F3A001218}"
EndProject
Project("{2150E333-8FDC-42A3-9474-1A3956D46DE8}") = "csharp", "csharp", "{0BFA1D2B-16AD-460D-9B5A-049FDD688566}"
EndProject
Project("{FAE04EC0-301F-11D3-BF4B-00C04F79EFBC}") = "Program", "src\4_can-place-flowers\csharp\Program\Program.csproj", "{DD8D6AA7-FCEB-4E52-88E7-68C3F33438E2}"
EndProject
Project("{FAE04EC0-301F-11D3-BF4B-00C04F79EFBC}") = "Program.Tests", "src\4_can-place-flowers\csharp\Program.Tests\Program.Tests.csproj", "{2924DCD1-B855-4537-B9E2-02358312D3AE}"
EndProject
Project("{2150E333-8FDC-42A3-9474-1A3956D46DE8}") = "5_reverse-vowels-of-a-string", "5_reverse-vowels-of-a-string", "{A12C905D-279C-4A26-B451-90EE385D08E1}"
EndProject
Project("{2150E333-8FDC-42A3-9474-1A3956D46DE8}") = "csharp", "csharp", "{23BC28E1-60C9-40FC-B1A7-A45149B6F41E}"
EndProject
Project("{FAE04EC0-301F-11D3-BF4B-00C04F79EFBC}") = "Program", "src\5_reverse-vowels-of-a-string\csharp\Program\Program.csproj", "{CB698161-DFD6-4705-8C24-E90E2DF8173B}"
EndProject
Project("{FAE04EC0-301F-11D3-BF4B-00C04F79EFBC}") = "Program.Tests", "src\5_reverse-vowels-of-a-string\csharp\Program.Tests\Program.Tests.csproj", "{12CB9257-7165-4BDF-8D1A-F14B4D5E8B93}"
EndProject
Project("{2150E333-8FDC-42A3-9474-1A3956D46DE8}") = "6_reverse-words-in-a-string", "6_reverse-words-in-a-string", "{EBBF33AF-D4FE-401E-8DC8-8E4B5B2384C4}"
EndProject
Project("{2150E333-8FDC-42A3-9474-1A3956D46DE8}") = "csharp", "csharp", "{C784B33E-59F4-4EAF-9F32-7ABAAFB23A7C}"
EndProject
Project("{FAE04EC0-301F-11D3-BF4B-00C04F79EFBC}") = "Program", "src\6_reverse-words-in-a-string\csharp\Program\Program.csproj", "{CA282AAD-70C4-4DB3-86BC-7319438A8742}"
EndProject
Project("{FAE04EC0-301F-11D3-BF4B-00C04F79EFBC}") = "Program.Tests", "src\6_reverse-words-in-a-string\csharp\Program.Tests\Program.Tests.csproj", "{F159291C-2AFF-463A-B6F1-08981854AE44}"
EndProject
Project("{2150E333-8FDC-42A3-9474-1A3956D46DE8}") = "7_product-of-array-except-self", "7_product-of-array-except-self", "{64D3AEFB-DC5D-4F03-8C89-9B2A4CFED6E4}"
EndProject
Project("{2150E333-8FDC-42A3-9474-1A3956D46DE8}") = "csharp", "csharp", "{950F1CF4-7AF4-433E-9AE3-4B231E0BB580}"
EndProject
Project("{FAE04EC0-301F-11D3-BF4B-00C04F79EFBC}") = "Program", "src\7_product-of-array-except-self\csharp\Program\Program.csproj", "{234704AE-320A-4877-AF07-C19DF8729D9D}"
EndProject
Project("{FAE04EC0-301F-11D3-BF4B-00C04F79EFBC}") = "Program.Tests", "src\7_product-of-array-except-self\csharp\Program.Tests\Program.Tests.csproj", "{88983226-86F8-40B2-AA2C-CA6F816BEA7E}"
EndProject
Project("{2150E333-8FDC-42A3-9474-1A3956D46DE8}") = "8_increasing-triplet-subsequence", "8_increasing-triplet-subsequence", "{50584122-E6FF-47AE-89D1-79891DC4857B}"
EndProject
Project("{2150E333-8FDC-42A3-9474-1A3956D46DE8}") = "csharp", "csharp", "{0533B931-9765-4783-B913-75E937767D47}"
EndProject
Project("{FAE04EC0-301F-11D3-BF4B-00C04F79EFBC}") = "Program", "src\8_increasing-triplet-subsequence\csharp\Program\Program.csproj", "{1983826E-8060-4E18-B492-41C3688B2DA7}"
EndProject
Project("{FAE04EC0-301F-11D3-BF4B-00C04F79EFBC}") = "Program.Tests", "src\8_increasing-triplet-subsequence\csharp\Program.Tests\Program.Tests.csproj", "{CEE7B8B6-D447-4EDB-BA79-A9653043CD79}"
EndProject
Project("{2150E333-8FDC-42A3-9474-1A3956D46DE8}") = "9_string-compression", "9_string-compression", "{BFAF1F1E-F06A-4D3A-969A-787EB6A2ACF0}"
EndProject
Project("{2150E333-8FDC-42A3-9474-1A3956D46DE8}") = "csharp", "csharp", "{5CA71C79-271B-4A4C-BDFC-B00750CEA612}"
EndProject
Project("{FAE04EC0-301F-11D3-BF4B-00C04F79EFBC}") = "Program", "src\9_string-compression\csharp\Program\Program.csproj", "{214C784A-A651-4A00-8C09-55362BD8AD70}"
EndProject
Project("{FAE04EC0-301F-11D3-BF4B-00C04F79EFBC}") = "Program.Tests", "src\9_string-compression\csharp\Program.Tests\Program.Tests.csproj", "{AC4765A5-73BF-458D-A75F-1488A761E22B}"
EndProject
Project("{2150E333-8FDC-42A3-9474-1A3956D46DE8}") = "10_move-zeroes", "10_move-zeroes", "{9D6D407F-DA2C-485E-BF68-0F19D043697C}"
EndProject
Project("{2150E333-8FDC-42A3-9474-1A3956D46DE8}") = "csharp", "csharp", "{CCB945AC-821D-4D78-93A2-BF95ACA9F1B1}"
EndProject
Project("{FAE04EC0-301F-11D3-BF4B-00C04F79EFBC}") = "Program", "src\10_move-zeroes\csharp\Program\Program.csproj", "{745B51D8-1260-476B-8089-92845E471A56}"
EndProject
Project("{FAE04EC0-301F-11D3-BF4B-00C04F79EFBC}") = "Program.Tests", "src\10_move-zeroes\csharp\Program.Tests\Program.Tests.csproj", "{6FA38147-CB30-42E6-ACC9-348B2CE0E1F9}"
EndProject
Project("{2150E333-8FDC-42A3-9474-1A3956D46DE8}") = "11_is-subsequence", "11_is-subsequence", "{B09CAA05-4D1E-4682-BDE6-87C5E17D188E}"
EndProject
Project("{2150E333-8FDC-42A3-9474-1A3956D46DE8}") = "csharp", "csharp", "{5F52D393-A9D8-41B0-BA1E-FE2FEF0FCD82}"
EndProject
Project("{FAE04EC0-301F-11D3-BF4B-00C04F79EFBC}") = "Program", "src\11_is-subsequence\csharp\Program\Program.csproj", "{048E8800-FEEA-46DB-8E64-CEC4CF8030B5}"
EndProject
Project("{FAE04EC0-301F-11D3-BF4B-00C04F79EFBC}") = "Program.Tests", "src\11_is-subsequence\csharp\Program.Tests\Program.Tests.csproj", "{097EC957-14F2-40E0-9D94-1EF46213849D}"
EndProject
Project("{2150E333-8FDC-42A3-9474-1A3956D46DE8}") = "12_container-with-most-water", "12_container-with-most-water", "{73BD04C5-B973-4E64-BDBC-C104EAB930AA}"
EndProject
Project("{2150E333-8FDC-42A3-9474-1A3956D46DE8}") = "csharp", "csharp", "{5470C320-0CAD-425B-BC9A-C73D1E572DF4}"
EndProject
Project("{FAE04EC0-301F-11D3-BF4B-00C04F79EFBC}") = "Program", "src\12_container-with-most-water\csharp\Program\Program.csproj", "{C278CB18-A63F-40CA-B0CD-C2BFAE01219B}"
EndProject
Project("{FAE04EC0-301F-11D3-BF4B-00C04F79EFBC}") = "Program.Tests", "src\12_container-with-most-water\csharp\Program.Tests\Program.Tests.csproj", "{46F47F5A-6D0F-418A-8517-CA327BF5C268}"
EndProject
Project("{2150E333-8FDC-42A3-9474-1A3956D46DE8}") = "1679_max-number-of-k-sum-pairs", "1679_max-number-of-k-sum-pairs", "{E915DF42-0649-4CD4-A608-3558BE0ED21B}"
EndProject
Project("{2150E333-8FDC-42A3-9474-1A3956D46DE8}") = "csharp", "csharp", "{AF682DB2-B457-4FAC-A2F9-97F6721691D9}"
EndProject
Project("{FAE04EC0-301F-11D3-BF4B-00C04F79EFBC}") = "Program", "src\1679_max-number-of-k-sum-pairs\csharp\Program\Program.csproj", "{493D2EE4-C698-4B1B-81C9-F64EFDD0A546}"
EndProject
Project("{FAE04EC0-301F-11D3-BF4B-00C04F79EFBC}") = "Program.Tests", "src\1679_max-number-of-k-sum-pairs\csharp\Program.Tests\Program.Tests.csproj", "{EB01975F-0E95-43B2-9982-16F039EB2AED}"
EndProject
Project("{2150E333-8FDC-42A3-9474-1A3956D46DE8}") = "643_maximum-average-subarray-1", "643_maximum-average-subarray-1", "{7367259A-4483-44CB-9FC5-64732070AC30}"
EndProject
Project("{2150E333-8FDC-42A3-9474-1A3956D46DE8}") = "csharp", "csharp", "{81949335-692F-4C56-9104-390C13D314BA}"
EndProject
Project("{FAE04EC0-301F-11D3-BF4B-00C04F79EFBC}") = "Program", "src\643_maximum-average-subarray-1\csharp\Program\Program.csproj", "{AD593FC5-85E4-4DC6-B4BD-A0D8018F2E79}"
EndProject
Project("{FAE04EC0-301F-11D3-BF4B-00C04F79EFBC}") = "Program.Tests", "src\643_maximum-average-subarray-1\csharp\Program.Tests\Program.Tests.csproj", "{EC18303E-605C-40E7-AD75-D2C92F57BEB6}"
EndProject
Project("{2150E333-8FDC-42A3-9474-1A3956D46DE8}") = "1456_maximum-number-of-vowels-in-a-substring-of-given-length", "1456_maximum-number-of-vowels-in-a-substring-of-given-length", "{72C553B3-E7CD-4506-B13A-C7FCFEBD5302}"
EndProject
Project("{2150E333-8FDC-42A3-9474-1A3956D46DE8}") = "csharp", "csharp", "{4618DFF7-2202-4734-BBE1-90706E840FC8}"
EndProject
Project("{FAE04EC0-301F-11D3-BF4B-00C04F79EFBC}") = "Program", "src\1456_maximum-number-of-vowels-in-a-substring-of-given-length\csharp\Program\Program.csproj", "{3FCBE113-39B9-47DE-A9B4-3F0E904BA017}"
EndProject
Project("{FAE04EC0-301F-11D3-BF4B-00C04F79EFBC}") = "Program.Tests", "src\1456_maximum-number-of-vowels-in-a-substring-of-given-length\csharp\Program.Tests\Program.Tests.csproj", "{68E9BC49-E7E0-4ADE-AAC4-BF1BA2AAF0CE}"
EndProject
Project("{2150E333-8FDC-42A3-9474-1A3956D46DE8}") = "1004_max-consecutive-ones-3", "1004_max-consecutive-ones-3", "{9C4396CB-5120-4BAE-9CC6-6DD8EBB53421}"
EndProject
Project("{2150E333-8FDC-42A3-9474-1A3956D46DE8}") = "csharp", "csharp", "{F8773E51-7C95-4F51-81F0-7A4D22367346}"
EndProject
Project("{FAE04EC0-301F-11D3-BF4B-00C04F79EFBC}") = "Program", "src\1004_max-consecutive-ones-3\csharp\Program\Program.csproj", "{37DC5E8E-E9A3-438C-8EB5-786E5E303076}"
EndProject
Project("{FAE04EC0-301F-11D3-BF4B-00C04F79EFBC}") = "Program.Tests", "src\1004_max-consecutive-ones-3\csharp\Program.Tests\Program.Tests.csproj", "{B8BF26EC-721F-41E3-977D-FC4F08CF7A03}"
EndProject
Project("{2150E333-8FDC-42A3-9474-1A3956D46DE8}") = "1493_longest-subarray-of-1s-after-deleting-one-element", "1493_longest-subarray-of-1s-after-deleting-one-element", "{DCD20948-8A1A-40CF-A23D-D4B0E14D122E}"
EndProject
Project("{2150E333-8FDC-42A3-9474-1A3956D46DE8}") = "csharp", "csharp", "{0288A052-0E8A-4F3E-8F4A-99D9D54FBB5B}"
EndProject
Project("{FAE04EC0-301F-11D3-BF4B-00C04F79EFBC}") = "Program", "src\1493_longest-subarray-of-1s-after-deleting-one-element\csharp\Program\Program.csproj", "{0105D23C-9413-43FE-AA38-F52B2B74F07A}"
EndProject
Project("{FAE04EC0-301F-11D3-BF4B-00C04F79EFBC}") = "Program.Tests", "src\1493_longest-subarray-of-1s-after-deleting-one-element\csharp\Program.Tests\Program.Tests.csproj", "{F200A481-8996-4F48-907D-9DFE5DF4A156}"
EndProject
Project("{2150E333-8FDC-42A3-9474-1A3956D46DE8}") = "1732_find-the-highest-altitude", "1732_find-the-highest-altitude", "{F43C8B39-E1A0-4C00-8F33-3D93AF00B7D6}"
EndProject
Project("{2150E333-8FDC-42A3-9474-1A3956D46DE8}") = "csharp", "csharp", "{64DD11AC-7363-430D-AC86-528127E9D767}"
EndProject
Project("{FAE04EC0-301F-11D3-BF4B-00C04F79EFBC}") = "Program", "src\1732_find-the-highest-altitude\csharp\Program\Program.csproj", "{35C73F67-9695-4B33-9994-CCB98C09803E}"
EndProject
Project("{FAE04EC0-301F-11D3-BF4B-00C04F79EFBC}") = "Program.Tests", "src\1732_find-the-highest-altitude\csharp\Program.Tests\Program.Tests.csproj", "{4AB89089-CF88-441F-92E0-5AB3E239BB2B}"
EndProject
Project("{2150E333-8FDC-42A3-9474-1A3956D46DE8}") = "724_find-pivot-index", "724_find-pivot-index", "{2788AD74-9F96-4FE8-BC19-439DBFA86D60}"
EndProject
Project("{2150E333-8FDC-42A3-9474-1A3956D46DE8}") = "csharp", "csharp", "{E1EA11B7-A060-435A-82A1-7B01D8176E2D}"
EndProject
Project("{FAE04EC0-301F-11D3-BF4B-00C04F79EFBC}") = "Program", "src\724_find-pivot-index\csharp\Program\Program.csproj", "{A771EE62-35B6-4156-92BF-DAAAD18706D2}"
EndProject
Project("{FAE04EC0-301F-11D3-BF4B-00C04F79EFBC}") = "Program.Tests", "src\724_find-pivot-index\csharp\Program.Tests\Program.Tests.csproj", "{B490B448-56B4-49EE-B58A-05FC2FFED636}"
EndProject
Project("{2150E333-8FDC-42A3-9474-1A3956D46DE8}") = "2215_find-the-difference-of-two-arrays", "2215_find-the-difference-of-two-arrays", "{41E4EBCA-0176-4EB0-B483-A3F453C854DE}"
EndProject
Project("{2150E333-8FDC-42A3-9474-1A3956D46DE8}") = "csharp", "csharp", "{ADD95D33-2CEF-4406-B55D-B040B4F76691}"
EndProject
Project("{FAE04EC0-301F-11D3-BF4B-00C04F79EFBC}") = "Program", "src\2215_find-the-difference-of-two-arrays\csharp\Program\Program.csproj", "{51D0B978-37CE-46A7-847C-7266E11F8774}"
EndProject
Project("{FAE04EC0-301F-11D3-BF4B-00C04F79EFBC}") = "Program.Tests", "src\2215_find-the-difference-of-two-arrays\csharp\Program.Tests\Program.Tests.csproj", "{0785C754-7692-4D40-9C99-5B65B59F42B0}"
EndProject
Project("{2150E333-8FDC-42A3-9474-1A3956D46DE8}") = "1207_unique-number-of-occurrences", "1207_unique-number-of-occurrences", "{A664DC5C-67FC-4D37-91CC-E72CC90D622E}"
EndProject
Project("{2150E333-8FDC-42A3-9474-1A3956D46DE8}") = "csharp", "csharp", "{6DB6CD19-79A2-49E3-9C4A-7ADE62262E34}"
EndProject
Project("{FAE04EC0-301F-11D3-BF4B-00C04F79EFBC}") = "Program", "src\1207_unique-number-of-occurrences\csharp\Program\Program.csproj", "{E3B9DFBB-7BAF-46FB-9D8C-9857AADAF7E4}"
EndProject
Project("{FAE04EC0-301F-11D3-BF4B-00C04F79EFBC}") = "Program.Tests", "src\1207_unique-number-of-occurrences\csharp\Program.Tests\Program.Tests.csproj", "{37F159C9-2FF8-4576-893E-8EA7058E00FA}"
EndProject
Project("{2150E333-8FDC-42A3-9474-1A3956D46DE8}") = "1657_determine-if-two-strings-are-close", "1657_determine-if-two-strings-are-close", "{2456723C-0EC8-48D2-97A7-F8298CEE6459}"
EndProject
Project("{2150E333-8FDC-42A3-9474-1A3956D46DE8}") = "csharp", "csharp", "{50D5C73F-5350-4884-872A-ECC6952E383A}"
EndProject
Project("{FAE04EC0-301F-11D3-BF4B-00C04F79EFBC}") = "Program", "src\1657_determine-if-two-strings-are-close\csharp\Program\Program.csproj", "{D46C0D0B-F849-46B9-8D4B-C762728DC446}"
EndProject
Project("{FAE04EC0-301F-11D3-BF4B-00C04F79EFBC}") = "Program.Tests", "src\1657_determine-if-two-strings-are-close\csharp\Program.Tests\Program.Tests.csproj", "{40486EE4-953E-46C0-B68C-F757B5E8EEAC}"
EndProject
Project("{2150E333-8FDC-42A3-9474-1A3956D46DE8}") = "2352_equal-row-and-column-pairs", "2352_equal-row-and-column-pairs", "{114EB9E2-8B16-4020-90C6-3349A9054754}"
EndProject
Project("{2150E333-8FDC-42A3-9474-1A3956D46DE8}") = "csharp", "csharp", "{14BDDC6D-91DA-4858-B615-2770B175D264}"
EndProject
Project("{FAE04EC0-301F-11D3-BF4B-00C04F79EFBC}") = "Program", "src\2352_equal-row-and-column-pairs\csharp\Program\Program.csproj", "{20537759-AB0B-46FB-BB0A-96CF0A0EAA91}"
EndProject
Project("{FAE04EC0-301F-11D3-BF4B-00C04F79EFBC}") = "Program.Tests", "src\2352_equal-row-and-column-pairs\csharp\Program.Tests\Program.Tests.csproj", "{80605078-D47A-43D3-A0D8-C4DEB64FDB97}"
EndProject
Project("{2150E333-8FDC-42A3-9474-1A3956D46DE8}") = "2390_removing-stars-from-a-string", "2390_removing-stars-from-a-string", "{A55E32DF-46AF-445C-AD44-3529D238F0B1}"
EndProject
Project("{2150E333-8FDC-42A3-9474-1A3956D46DE8}") = "csharp", "csharp", "{D5FBFDFD-6C63-46A3-AAE3-4F1AE0A96F78}"
EndProject
Project("{FAE04EC0-301F-11D3-BF4B-00C04F79EFBC}") = "Program", "src\2390_removing-stars-from-a-string\csharp\Program\Program.csproj", "{EDFD35AE-CA39-4807-AA54-8BD69CDC3495}"
EndProject
Project("{FAE04EC0-301F-11D3-BF4B-00C04F79EFBC}") = "Program.Tests", "src\2390_removing-stars-from-a-string\csharp\Program.Tests\Program.Tests.csproj", "{BF02F565-8642-45C9-B2BA-120CBEE99D43}"
EndProject
Project("{2150E333-8FDC-42A3-9474-1A3956D46DE8}") = "735_asteroid-collision", "735_asteroid-collision", "{DED86E98-E7C1-4DBA-A23A-2E427C1D0707}"
EndProject
Project("{2150E333-8FDC-42A3-9474-1A3956D46DE8}") = "csharp", "csharp", "{A93695F2-D9A0-44F5-9C62-C1B896B8AE17}"
EndProject
Project("{FAE04EC0-301F-11D3-BF4B-00C04F79EFBC}") = "Program", "src\735_asteroid-collision\csharp\Program\Program.csproj", "{78687185-CC0B-4E3A-B074-D50299123BFE}"
EndProject
Project("{FAE04EC0-301F-11D3-BF4B-00C04F79EFBC}") = "Program.Tests", "src\735_asteroid-collision\csharp\Program.Tests\Program.Tests.csproj", "{01C227F6-BB77-410E-A647-50CDC026303E}"
EndProject
Project("{2150E333-8FDC-42A3-9474-1A3956D46DE8}") = "394_decode-string", "394_decode-string", "{E6ACD882-5C39-4FE3-AFD3-CBC6C445183E}"
EndProject
Project("{2150E333-8FDC-42A3-9474-1A3956D46DE8}") = "csharp", "csharp", "{26FE7535-691A-45C1-8A56-3BCCCEBBD43C}"
EndProject
Project("{FAE04EC0-301F-11D3-BF4B-00C04F79EFBC}") = "Program", "src\394_decode-string\csharp\Program\Program.csproj", "{4D487995-E81C-4B98-9893-BDCB66052498}"
EndProject
Project("{FAE04EC0-301F-11D3-BF4B-00C04F79EFBC}") = "Program.Tests", "src\394_decode-string\csharp\Program.Tests\Program.Tests.csproj", "{C44AB390-3178-41F4-88AC-7742A5C6B1FD}"
EndProject
Project("{2150E333-8FDC-42A3-9474-1A3956D46DE8}") = "933_number-of-recent-calls", "933_number-of-recent-calls", "{F956E447-77F0-4033-893F-D569E46357A5}"
EndProject
Project("{2150E333-8FDC-42A3-9474-1A3956D46DE8}") = "csharp", "csharp", "{504AFF32-BB61-4934-8191-C6439A41396B}"
EndProject
Project("{FAE04EC0-301F-11D3-BF4B-00C04F79EFBC}") = "Program", "src\933_number-of-recent-calls\csharp\Program\Program.csproj", "{84EAA1F3-7DF0-4C8C-A87F-E4434615A714}"
EndProject
Project("{FAE04EC0-301F-11D3-BF4B-00C04F79EFBC}") = "Program.Tests", "src\933_number-of-recent-calls\csharp\Program.Tests\Program.Tests.csproj", "{A0D093CC-309D-447F-A7EC-04CC6C36DB98}"
EndProject
Project("{2150E333-8FDC-42A3-9474-1A3956D46DE8}") = "649_dota2-senate", "649_dota2-senate", "{37822E9E-C3FB-4B8C-9C67-100535D9B736}"
EndProject
Project("{2150E333-8FDC-42A3-9474-1A3956D46DE8}") = "csharp", "csharp", "{DE67506E-705B-434B-9B9A-C13ACC5CCC90}"
EndProject
Project("{FAE04EC0-301F-11D3-BF4B-00C04F79EFBC}") = "Program", "src\649_dota2-senate\csharp\Program\Program.csproj", "{4E7A226E-12F5-4086-B62F-5919B02F126B}"
EndProject
Project("{FAE04EC0-301F-11D3-BF4B-00C04F79EFBC}") = "Program.Tests", "src\649_dota2-senate\csharp\Program.Tests\Program.Tests.csproj", "{D1C0D078-2484-4DA7-B29B-9535A3A3CD55}"
EndProject
Project("{2150E333-8FDC-42A3-9474-1A3956D46DE8}") = "2095_delete-the-middle-node-of-a-linked-list", "2095_delete-the-middle-node-of-a-linked-list", "{9CA09687-22B6-44C9-89D7-4D1CC4555528}"
EndProject
Project("{2150E333-8FDC-42A3-9474-1A3956D46DE8}") = "csharp", "csharp", "{3C9D1A76-0997-4719-9ABC-2A28DD479E8D}"
EndProject
Project("{FAE04EC0-301F-11D3-BF4B-00C04F79EFBC}") = "Program", "src\2095_delete-the-middle-node-of-a-linked-list\csharp\Program\Program.csproj", "{D7B5D5FE-6F1C-4B7C-9267-8D59132E08CF}"
EndProject
Project("{FAE04EC0-301F-11D3-BF4B-00C04F79EFBC}") = "Program.Tests", "src\2095_delete-the-middle-node-of-a-linked-list\csharp\Program.Tests\Program.Tests.csproj", "{B9ACF3EA-922A-4B15-8E38-E0C46972BF0F}"
EndProject
Project("{FAE04EC0-301F-11D3-BF4B-00C04F79EFBC}") = "Utility", "src\Utility\Utility.csproj", "{DB8DC706-CCD4-4AFA-810A-181A25C73839}"
EndProject
Project("{2150E333-8FDC-42A3-9474-1A3956D46DE8}") = "328_odd-even-linked-list", "328_odd-even-linked-list", "{05A02984-BF3E-4E2A-8555-578D8AA39D58}"
EndProject
Project("{2150E333-8FDC-42A3-9474-1A3956D46DE8}") = "csharp", "csharp", "{6491057D-E464-45CB-B5FE-63D278DA8D89}"
EndProject
Project("{FAE04EC0-301F-11D3-BF4B-00C04F79EFBC}") = "Program", "src\328_odd-even-linked-list\csharp\Program\Program.csproj", "{BE96D25B-17F3-470E-B74B-992F6E6AFD0E}"
EndProject
Project("{FAE04EC0-301F-11D3-BF4B-00C04F79EFBC}") = "Program.Tests", "src\328_odd-even-linked-list\csharp\Program.Tests\Program.Tests.csproj", "{D15C5716-2A49-4F68-B628-0EA89B9F1CD2}"
EndProject
Project("{2150E333-8FDC-42A3-9474-1A3956D46DE8}") = "104_maximum-depth-of-binary-tree", "104_maximum-depth-of-binary-tree", "{B386D305-9D87-4504-8D1D-1BD05E41E08D}"
EndProject
Project("{2150E333-8FDC-42A3-9474-1A3956D46DE8}") = "csharp", "csharp", "{DA711CBA-F4CB-418D-8ECB-8E0875AAF6E6}"
EndProject
Project("{FAE04EC0-301F-11D3-BF4B-00C04F79EFBC}") = "Program", "src\104_maximum-depth-of-binary-tree\csharp\Program\Program.csproj", "{5ADB6536-E6FE-4D48-9D61-FBB55FE856A7}"
EndProject
Project("{FAE04EC0-301F-11D3-BF4B-00C04F79EFBC}") = "Program.Tests", "src\104_maximum-depth-of-binary-tree\csharp\Program.Tests\Program.Tests.csproj", "{D3EF58C4-E6B1-4A82-8D88-28F4C05D0FA8}"
EndProject
Project("{2150E333-8FDC-42A3-9474-1A3956D46DE8}") = "1448_count-good-nodes-in-binary-tree", "1448_count-good-nodes-in-binary-tree", "{2BA600F8-7BFB-404C-9592-B0452993633D}"
EndProject
Project("{2150E333-8FDC-42A3-9474-1A3956D46DE8}") = "csharp", "csharp", "{97A1D2D0-B51D-48CE-AB03-E4F941D82FC3}"
EndProject
Project("{FAE04EC0-301F-11D3-BF4B-00C04F79EFBC}") = "Program", "src\1448_count-good-nodes-in-binary-tree\csharp\Program\Program.csproj", "{B941E970-83EE-4CB1-8017-A051072BC254}"
EndProject
Project("{FAE04EC0-301F-11D3-BF4B-00C04F79EFBC}") = "Program.Tests", "src\1448_count-good-nodes-in-binary-tree\csharp\Program.Tests\Program.Tests.csproj", "{40B6A57F-02F0-488B-B5D9-A6874153F47A}"
EndProject
Project("{2150E333-8FDC-42A3-9474-1A3956D46DE8}") = "199_binary-tree-right-side-view", "199_binary-tree-right-side-view", "{CD51F0C6-1F42-4821-B276-6811879C2FCD}"
EndProject
Project("{2150E333-8FDC-42A3-9474-1A3956D46DE8}") = "csharp", "csharp", "{54C6BCAB-E199-47E9-9991-48DA10700A46}"
EndProject
Project("{FAE04EC0-301F-11D3-BF4B-00C04F79EFBC}") = "Program", "src\199_binary-tree-right-side-view\csharp\Program\Program.csproj", "{57AFB355-1211-4035-841B-DCFE1A6F1E16}"
EndProject
Project("{FAE04EC0-301F-11D3-BF4B-00C04F79EFBC}") = "Program.Tests", "src\199_binary-tree-right-side-view\csharp\Program.Tests\Program.Tests.csproj", "{3445E28F-1FCC-495F-B4C3-A060EDFA7BEC}"
EndProject
Project("{2150E333-8FDC-42A3-9474-1A3956D46DE8}") = "1161_maximum-level-sum-of-a-binary-tree", "1161_maximum-level-sum-of-a-binary-tree", "{E21FF4D9-B094-4A85-B9FC-76BAA2EAA415}"
EndProject
Project("{2150E333-8FDC-42A3-9474-1A3956D46DE8}") = "csharp", "csharp", "{DA49C1F4-87A4-4D57-835D-56A0080B227C}"
EndProject
Project("{FAE04EC0-301F-11D3-BF4B-00C04F79EFBC}") = "Program", "src\1161_maximum-level-sum-of-a-binary-tree\csharp\Program\Program.csproj", "{0AC6C3D2-59E7-49A2-8A4E-89EA22789A56}"
EndProject
Project("{FAE04EC0-301F-11D3-BF4B-00C04F79EFBC}") = "Program.Tests", "src\1161_maximum-level-sum-of-a-binary-tree\csharp\Program.Tests\Program.Tests.csproj", "{B1DE191B-763E-464B-B026-DD9FA09E477F}"
EndProject
Project("{2150E333-8FDC-42A3-9474-1A3956D46DE8}") = "450_delete-node-in-a-bst", "450_delete-node-in-a-bst", "{0B3444B0-8C7F-4D00-85F3-4938063AE690}"
EndProject
Project("{2150E333-8FDC-42A3-9474-1A3956D46DE8}") = "csharp", "csharp", "{45C4BA11-A5A3-4E01-9B18-40893465B9A7}"
EndProject
Project("{FAE04EC0-301F-11D3-BF4B-00C04F79EFBC}") = "Program", "src\450_delete-node-in-a-bst\csharp\Program\Program.csproj", "{768BE4F1-8E9E-4D84-A0C6-171B19642D32}"
EndProject
Project("{FAE04EC0-301F-11D3-BF4B-00C04F79EFBC}") = "Program.Tests", "src\450_delete-node-in-a-bst\csharp\Program.Tests\Program.Tests.csproj", "{FF857D49-26E4-436E-A9A8-727FB48BA643}"
EndProject
Project("{2150E333-8FDC-42A3-9474-1A3956D46DE8}") = "841_keys-and-rooms", "841_keys-and-rooms", "{B5D47B41-B4C1-467C-AEE4-F495E5F39B53}"
EndProject
Project("{2150E333-8FDC-42A3-9474-1A3956D46DE8}") = "csharp", "csharp", "{26A0B916-97B3-4038-95E7-F9C056AD0AC2}"
EndProject
Project("{FAE04EC0-301F-11D3-BF4B-00C04F79EFBC}") = "Program", "src\841_keys-and-rooms\csharp\Program\Program.csproj", "{7742F8FA-5357-45C9-A7C3-723158D351DE}"
EndProject
Project("{FAE04EC0-301F-11D3-BF4B-00C04F79EFBC}") = "Program.Tests", "src\841_keys-and-rooms\csharp\Program.Tests\Program.Tests.csproj", "{303FF97A-A332-45CD-96A5-FE3B1E1A9BCF}"
EndProject
Project("{2150E333-8FDC-42A3-9474-1A3956D46DE8}") = "1926_nearest-exit-from-entrance-in-maze", "1926_nearest-exit-from-entrance-in-maze", "{75B66E25-BB65-4982-B09B-05FD187F3C2E}"
EndProject
Project("{2150E333-8FDC-42A3-9474-1A3956D46DE8}") = "csharp", "csharp", "{FCE4A57C-6DCF-4796-8C4F-3BFD376943D8}"
EndProject
Project("{FAE04EC0-301F-11D3-BF4B-00C04F79EFBC}") = "Program", "src\1926_nearest-exit-from-entrance-in-maze\csharp\Program\Program.csproj", "{5017C142-65B9-4CA3-B333-7535C97F7EEE}"
EndProject
Project("{FAE04EC0-301F-11D3-BF4B-00C04F79EFBC}") = "Program.Tests", "src\1926_nearest-exit-from-entrance-in-maze\csharp\Program.Tests\Program.Tests.csproj", "{06E574ED-D0D5-4C00-9951-E6B76C03E00B}"
EndProject
Global
	GlobalSection(SolutionConfigurationPlatforms) = preSolution
		Debug|Any CPU = Debug|Any CPU
		Release|Any CPU = Release|Any CPU
	EndGlobalSection
	GlobalSection(SolutionProperties) = preSolution
		HideSolutionNode = FALSE
	EndGlobalSection
	GlobalSection(ProjectConfigurationPlatforms) = postSolution
		{4ED2A90F-88C6-4C20-BDB1-43C317104F8D}.Debug|Any CPU.ActiveCfg = Debug|Any CPU
		{4ED2A90F-88C6-4C20-BDB1-43C317104F8D}.Debug|Any CPU.Build.0 = Debug|Any CPU
		{4ED2A90F-88C6-4C20-BDB1-43C317104F8D}.Release|Any CPU.ActiveCfg = Release|Any CPU
		{4ED2A90F-88C6-4C20-BDB1-43C317104F8D}.Release|Any CPU.Build.0 = Release|Any CPU
		{CCCBD5E7-422A-444A-AB1D-F4D46CA3C8DA}.Debug|Any CPU.ActiveCfg = Debug|Any CPU
		{CCCBD5E7-422A-444A-AB1D-F4D46CA3C8DA}.Debug|Any CPU.Build.0 = Debug|Any CPU
		{CCCBD5E7-422A-444A-AB1D-F4D46CA3C8DA}.Release|Any CPU.ActiveCfg = Release|Any CPU
		{CCCBD5E7-422A-444A-AB1D-F4D46CA3C8DA}.Release|Any CPU.Build.0 = Release|Any CPU
		{EC80E732-8560-46EC-9825-8E268497C023}.Debug|Any CPU.ActiveCfg = Debug|Any CPU
		{EC80E732-8560-46EC-9825-8E268497C023}.Debug|Any CPU.Build.0 = Debug|Any CPU
		{EC80E732-8560-46EC-9825-8E268497C023}.Release|Any CPU.ActiveCfg = Release|Any CPU
		{EC80E732-8560-46EC-9825-8E268497C023}.Release|Any CPU.Build.0 = Release|Any CPU
		{7C99D49C-9E84-4034-982D-B572407ED1DB}.Debug|Any CPU.ActiveCfg = Debug|Any CPU
		{7C99D49C-9E84-4034-982D-B572407ED1DB}.Debug|Any CPU.Build.0 = Debug|Any CPU
		{7C99D49C-9E84-4034-982D-B572407ED1DB}.Release|Any CPU.ActiveCfg = Release|Any CPU
		{7C99D49C-9E84-4034-982D-B572407ED1DB}.Release|Any CPU.Build.0 = Release|Any CPU
		{40513EDB-87E8-4B20-AA16-2C8B325F7323}.Debug|Any CPU.ActiveCfg = Debug|Any CPU
		{40513EDB-87E8-4B20-AA16-2C8B325F7323}.Debug|Any CPU.Build.0 = Debug|Any CPU
		{40513EDB-87E8-4B20-AA16-2C8B325F7323}.Release|Any CPU.ActiveCfg = Release|Any CPU
		{40513EDB-87E8-4B20-AA16-2C8B325F7323}.Release|Any CPU.Build.0 = Release|Any CPU
		{61E6BB97-B157-42D5-BD9B-D5BB7A7CB6C6}.Debug|Any CPU.ActiveCfg = Debug|Any CPU
		{61E6BB97-B157-42D5-BD9B-D5BB7A7CB6C6}.Debug|Any CPU.Build.0 = Debug|Any CPU
		{61E6BB97-B157-42D5-BD9B-D5BB7A7CB6C6}.Release|Any CPU.ActiveCfg = Release|Any CPU
		{61E6BB97-B157-42D5-BD9B-D5BB7A7CB6C6}.Release|Any CPU.Build.0 = Release|Any CPU
		{DD8D6AA7-FCEB-4E52-88E7-68C3F33438E2}.Debug|Any CPU.ActiveCfg = Debug|Any CPU
		{DD8D6AA7-FCEB-4E52-88E7-68C3F33438E2}.Debug|Any CPU.Build.0 = Debug|Any CPU
		{DD8D6AA7-FCEB-4E52-88E7-68C3F33438E2}.Release|Any CPU.ActiveCfg = Release|Any CPU
		{DD8D6AA7-FCEB-4E52-88E7-68C3F33438E2}.Release|Any CPU.Build.0 = Release|Any CPU
		{2924DCD1-B855-4537-B9E2-02358312D3AE}.Debug|Any CPU.ActiveCfg = Debug|Any CPU
		{2924DCD1-B855-4537-B9E2-02358312D3AE}.Debug|Any CPU.Build.0 = Debug|Any CPU
		{2924DCD1-B855-4537-B9E2-02358312D3AE}.Release|Any CPU.ActiveCfg = Release|Any CPU
		{2924DCD1-B855-4537-B9E2-02358312D3AE}.Release|Any CPU.Build.0 = Release|Any CPU
		{CB698161-DFD6-4705-8C24-E90E2DF8173B}.Debug|Any CPU.ActiveCfg = Debug|Any CPU
		{CB698161-DFD6-4705-8C24-E90E2DF8173B}.Debug|Any CPU.Build.0 = Debug|Any CPU
		{CB698161-DFD6-4705-8C24-E90E2DF8173B}.Release|Any CPU.ActiveCfg = Release|Any CPU
		{CB698161-DFD6-4705-8C24-E90E2DF8173B}.Release|Any CPU.Build.0 = Release|Any CPU
		{12CB9257-7165-4BDF-8D1A-F14B4D5E8B93}.Debug|Any CPU.ActiveCfg = Debug|Any CPU
		{12CB9257-7165-4BDF-8D1A-F14B4D5E8B93}.Debug|Any CPU.Build.0 = Debug|Any CPU
		{12CB9257-7165-4BDF-8D1A-F14B4D5E8B93}.Release|Any CPU.ActiveCfg = Release|Any CPU
		{12CB9257-7165-4BDF-8D1A-F14B4D5E8B93}.Release|Any CPU.Build.0 = Release|Any CPU
		{CA282AAD-70C4-4DB3-86BC-7319438A8742}.Debug|Any CPU.ActiveCfg = Debug|Any CPU
		{CA282AAD-70C4-4DB3-86BC-7319438A8742}.Debug|Any CPU.Build.0 = Debug|Any CPU
		{CA282AAD-70C4-4DB3-86BC-7319438A8742}.Release|Any CPU.ActiveCfg = Release|Any CPU
		{CA282AAD-70C4-4DB3-86BC-7319438A8742}.Release|Any CPU.Build.0 = Release|Any CPU
		{F159291C-2AFF-463A-B6F1-08981854AE44}.Debug|Any CPU.ActiveCfg = Debug|Any CPU
		{F159291C-2AFF-463A-B6F1-08981854AE44}.Debug|Any CPU.Build.0 = Debug|Any CPU
		{F159291C-2AFF-463A-B6F1-08981854AE44}.Release|Any CPU.ActiveCfg = Release|Any CPU
		{F159291C-2AFF-463A-B6F1-08981854AE44}.Release|Any CPU.Build.0 = Release|Any CPU
		{234704AE-320A-4877-AF07-C19DF8729D9D}.Debug|Any CPU.ActiveCfg = Debug|Any CPU
		{234704AE-320A-4877-AF07-C19DF8729D9D}.Debug|Any CPU.Build.0 = Debug|Any CPU
		{234704AE-320A-4877-AF07-C19DF8729D9D}.Release|Any CPU.ActiveCfg = Release|Any CPU
		{234704AE-320A-4877-AF07-C19DF8729D9D}.Release|Any CPU.Build.0 = Release|Any CPU
		{88983226-86F8-40B2-AA2C-CA6F816BEA7E}.Debug|Any CPU.ActiveCfg = Debug|Any CPU
		{88983226-86F8-40B2-AA2C-CA6F816BEA7E}.Debug|Any CPU.Build.0 = Debug|Any CPU
		{88983226-86F8-40B2-AA2C-CA6F816BEA7E}.Release|Any CPU.ActiveCfg = Release|Any CPU
		{88983226-86F8-40B2-AA2C-CA6F816BEA7E}.Release|Any CPU.Build.0 = Release|Any CPU
		{1983826E-8060-4E18-B492-41C3688B2DA7}.Debug|Any CPU.ActiveCfg = Debug|Any CPU
		{1983826E-8060-4E18-B492-41C3688B2DA7}.Debug|Any CPU.Build.0 = Debug|Any CPU
		{1983826E-8060-4E18-B492-41C3688B2DA7}.Release|Any CPU.ActiveCfg = Release|Any CPU
		{1983826E-8060-4E18-B492-41C3688B2DA7}.Release|Any CPU.Build.0 = Release|Any CPU
		{CEE7B8B6-D447-4EDB-BA79-A9653043CD79}.Debug|Any CPU.ActiveCfg = Debug|Any CPU
		{CEE7B8B6-D447-4EDB-BA79-A9653043CD79}.Debug|Any CPU.Build.0 = Debug|Any CPU
		{CEE7B8B6-D447-4EDB-BA79-A9653043CD79}.Release|Any CPU.ActiveCfg = Release|Any CPU
		{CEE7B8B6-D447-4EDB-BA79-A9653043CD79}.Release|Any CPU.Build.0 = Release|Any CPU
		{214C784A-A651-4A00-8C09-55362BD8AD70}.Debug|Any CPU.ActiveCfg = Debug|Any CPU
		{214C784A-A651-4A00-8C09-55362BD8AD70}.Debug|Any CPU.Build.0 = Debug|Any CPU
		{214C784A-A651-4A00-8C09-55362BD8AD70}.Release|Any CPU.ActiveCfg = Release|Any CPU
		{214C784A-A651-4A00-8C09-55362BD8AD70}.Release|Any CPU.Build.0 = Release|Any CPU
		{AC4765A5-73BF-458D-A75F-1488A761E22B}.Debug|Any CPU.ActiveCfg = Debug|Any CPU
		{AC4765A5-73BF-458D-A75F-1488A761E22B}.Debug|Any CPU.Build.0 = Debug|Any CPU
		{AC4765A5-73BF-458D-A75F-1488A761E22B}.Release|Any CPU.ActiveCfg = Release|Any CPU
		{AC4765A5-73BF-458D-A75F-1488A761E22B}.Release|Any CPU.Build.0 = Release|Any CPU
		{745B51D8-1260-476B-8089-92845E471A56}.Debug|Any CPU.ActiveCfg = Debug|Any CPU
		{745B51D8-1260-476B-8089-92845E471A56}.Debug|Any CPU.Build.0 = Debug|Any CPU
		{745B51D8-1260-476B-8089-92845E471A56}.Release|Any CPU.ActiveCfg = Release|Any CPU
		{745B51D8-1260-476B-8089-92845E471A56}.Release|Any CPU.Build.0 = Release|Any CPU
		{6FA38147-CB30-42E6-ACC9-348B2CE0E1F9}.Debug|Any CPU.ActiveCfg = Debug|Any CPU
		{6FA38147-CB30-42E6-ACC9-348B2CE0E1F9}.Debug|Any CPU.Build.0 = Debug|Any CPU
		{6FA38147-CB30-42E6-ACC9-348B2CE0E1F9}.Release|Any CPU.ActiveCfg = Release|Any CPU
		{6FA38147-CB30-42E6-ACC9-348B2CE0E1F9}.Release|Any CPU.Build.0 = Release|Any CPU
		{048E8800-FEEA-46DB-8E64-CEC4CF8030B5}.Debug|Any CPU.ActiveCfg = Debug|Any CPU
		{048E8800-FEEA-46DB-8E64-CEC4CF8030B5}.Debug|Any CPU.Build.0 = Debug|Any CPU
		{048E8800-FEEA-46DB-8E64-CEC4CF8030B5}.Release|Any CPU.ActiveCfg = Release|Any CPU
		{048E8800-FEEA-46DB-8E64-CEC4CF8030B5}.Release|Any CPU.Build.0 = Release|Any CPU
		{097EC957-14F2-40E0-9D94-1EF46213849D}.Debug|Any CPU.ActiveCfg = Debug|Any CPU
		{097EC957-14F2-40E0-9D94-1EF46213849D}.Debug|Any CPU.Build.0 = Debug|Any CPU
		{097EC957-14F2-40E0-9D94-1EF46213849D}.Release|Any CPU.ActiveCfg = Release|Any CPU
		{097EC957-14F2-40E0-9D94-1EF46213849D}.Release|Any CPU.Build.0 = Release|Any CPU
		{C278CB18-A63F-40CA-B0CD-C2BFAE01219B}.Debug|Any CPU.ActiveCfg = Debug|Any CPU
		{C278CB18-A63F-40CA-B0CD-C2BFAE01219B}.Debug|Any CPU.Build.0 = Debug|Any CPU
		{C278CB18-A63F-40CA-B0CD-C2BFAE01219B}.Release|Any CPU.ActiveCfg = Release|Any CPU
		{C278CB18-A63F-40CA-B0CD-C2BFAE01219B}.Release|Any CPU.Build.0 = Release|Any CPU
		{46F47F5A-6D0F-418A-8517-CA327BF5C268}.Debug|Any CPU.ActiveCfg = Debug|Any CPU
		{46F47F5A-6D0F-418A-8517-CA327BF5C268}.Debug|Any CPU.Build.0 = Debug|Any CPU
		{46F47F5A-6D0F-418A-8517-CA327BF5C268}.Release|Any CPU.ActiveCfg = Release|Any CPU
		{46F47F5A-6D0F-418A-8517-CA327BF5C268}.Release|Any CPU.Build.0 = Release|Any CPU
		{493D2EE4-C698-4B1B-81C9-F64EFDD0A546}.Debug|Any CPU.ActiveCfg = Debug|Any CPU
		{493D2EE4-C698-4B1B-81C9-F64EFDD0A546}.Debug|Any CPU.Build.0 = Debug|Any CPU
		{493D2EE4-C698-4B1B-81C9-F64EFDD0A546}.Release|Any CPU.ActiveCfg = Release|Any CPU
		{493D2EE4-C698-4B1B-81C9-F64EFDD0A546}.Release|Any CPU.Build.0 = Release|Any CPU
		{EB01975F-0E95-43B2-9982-16F039EB2AED}.Debug|Any CPU.ActiveCfg = Debug|Any CPU
		{EB01975F-0E95-43B2-9982-16F039EB2AED}.Debug|Any CPU.Build.0 = Debug|Any CPU
		{EB01975F-0E95-43B2-9982-16F039EB2AED}.Release|Any CPU.ActiveCfg = Release|Any CPU
		{EB01975F-0E95-43B2-9982-16F039EB2AED}.Release|Any CPU.Build.0 = Release|Any CPU
		{AD593FC5-85E4-4DC6-B4BD-A0D8018F2E79}.Debug|Any CPU.ActiveCfg = Debug|Any CPU
		{AD593FC5-85E4-4DC6-B4BD-A0D8018F2E79}.Debug|Any CPU.Build.0 = Debug|Any CPU
		{AD593FC5-85E4-4DC6-B4BD-A0D8018F2E79}.Release|Any CPU.ActiveCfg = Release|Any CPU
		{AD593FC5-85E4-4DC6-B4BD-A0D8018F2E79}.Release|Any CPU.Build.0 = Release|Any CPU
		{EC18303E-605C-40E7-AD75-D2C92F57BEB6}.Debug|Any CPU.ActiveCfg = Debug|Any CPU
		{EC18303E-605C-40E7-AD75-D2C92F57BEB6}.Debug|Any CPU.Build.0 = Debug|Any CPU
		{EC18303E-605C-40E7-AD75-D2C92F57BEB6}.Release|Any CPU.ActiveCfg = Release|Any CPU
		{EC18303E-605C-40E7-AD75-D2C92F57BEB6}.Release|Any CPU.Build.0 = Release|Any CPU
		{3FCBE113-39B9-47DE-A9B4-3F0E904BA017}.Debug|Any CPU.ActiveCfg = Debug|Any CPU
		{3FCBE113-39B9-47DE-A9B4-3F0E904BA017}.Debug|Any CPU.Build.0 = Debug|Any CPU
		{3FCBE113-39B9-47DE-A9B4-3F0E904BA017}.Release|Any CPU.ActiveCfg = Release|Any CPU
		{3FCBE113-39B9-47DE-A9B4-3F0E904BA017}.Release|Any CPU.Build.0 = Release|Any CPU
		{68E9BC49-E7E0-4ADE-AAC4-BF1BA2AAF0CE}.Debug|Any CPU.ActiveCfg = Debug|Any CPU
		{68E9BC49-E7E0-4ADE-AAC4-BF1BA2AAF0CE}.Debug|Any CPU.Build.0 = Debug|Any CPU
		{68E9BC49-E7E0-4ADE-AAC4-BF1BA2AAF0CE}.Release|Any CPU.ActiveCfg = Release|Any CPU
		{68E9BC49-E7E0-4ADE-AAC4-BF1BA2AAF0CE}.Release|Any CPU.Build.0 = Release|Any CPU
		{37DC5E8E-E9A3-438C-8EB5-786E5E303076}.Debug|Any CPU.ActiveCfg = Debug|Any CPU
		{37DC5E8E-E9A3-438C-8EB5-786E5E303076}.Debug|Any CPU.Build.0 = Debug|Any CPU
		{37DC5E8E-E9A3-438C-8EB5-786E5E303076}.Release|Any CPU.ActiveCfg = Release|Any CPU
		{37DC5E8E-E9A3-438C-8EB5-786E5E303076}.Release|Any CPU.Build.0 = Release|Any CPU
		{B8BF26EC-721F-41E3-977D-FC4F08CF7A03}.Debug|Any CPU.ActiveCfg = Debug|Any CPU
		{B8BF26EC-721F-41E3-977D-FC4F08CF7A03}.Debug|Any CPU.Build.0 = Debug|Any CPU
		{B8BF26EC-721F-41E3-977D-FC4F08CF7A03}.Release|Any CPU.ActiveCfg = Release|Any CPU
		{B8BF26EC-721F-41E3-977D-FC4F08CF7A03}.Release|Any CPU.Build.0 = Release|Any CPU
		{0105D23C-9413-43FE-AA38-F52B2B74F07A}.Debug|Any CPU.ActiveCfg = Debug|Any CPU
		{0105D23C-9413-43FE-AA38-F52B2B74F07A}.Debug|Any CPU.Build.0 = Debug|Any CPU
		{0105D23C-9413-43FE-AA38-F52B2B74F07A}.Release|Any CPU.ActiveCfg = Release|Any CPU
		{0105D23C-9413-43FE-AA38-F52B2B74F07A}.Release|Any CPU.Build.0 = Release|Any CPU
		{F200A481-8996-4F48-907D-9DFE5DF4A156}.Debug|Any CPU.ActiveCfg = Debug|Any CPU
		{F200A481-8996-4F48-907D-9DFE5DF4A156}.Debug|Any CPU.Build.0 = Debug|Any CPU
		{F200A481-8996-4F48-907D-9DFE5DF4A156}.Release|Any CPU.ActiveCfg = Release|Any CPU
		{F200A481-8996-4F48-907D-9DFE5DF4A156}.Release|Any CPU.Build.0 = Release|Any CPU
		{35C73F67-9695-4B33-9994-CCB98C09803E}.Debug|Any CPU.ActiveCfg = Debug|Any CPU
		{35C73F67-9695-4B33-9994-CCB98C09803E}.Debug|Any CPU.Build.0 = Debug|Any CPU
		{35C73F67-9695-4B33-9994-CCB98C09803E}.Release|Any CPU.ActiveCfg = Release|Any CPU
		{35C73F67-9695-4B33-9994-CCB98C09803E}.Release|Any CPU.Build.0 = Release|Any CPU
		{4AB89089-CF88-441F-92E0-5AB3E239BB2B}.Debug|Any CPU.ActiveCfg = Debug|Any CPU
		{4AB89089-CF88-441F-92E0-5AB3E239BB2B}.Debug|Any CPU.Build.0 = Debug|Any CPU
		{4AB89089-CF88-441F-92E0-5AB3E239BB2B}.Release|Any CPU.ActiveCfg = Release|Any CPU
		{4AB89089-CF88-441F-92E0-5AB3E239BB2B}.Release|Any CPU.Build.0 = Release|Any CPU
		{A771EE62-35B6-4156-92BF-DAAAD18706D2}.Debug|Any CPU.ActiveCfg = Debug|Any CPU
		{A771EE62-35B6-4156-92BF-DAAAD18706D2}.Debug|Any CPU.Build.0 = Debug|Any CPU
		{A771EE62-35B6-4156-92BF-DAAAD18706D2}.Release|Any CPU.ActiveCfg = Release|Any CPU
		{A771EE62-35B6-4156-92BF-DAAAD18706D2}.Release|Any CPU.Build.0 = Release|Any CPU
		{B490B448-56B4-49EE-B58A-05FC2FFED636}.Debug|Any CPU.ActiveCfg = Debug|Any CPU
		{B490B448-56B4-49EE-B58A-05FC2FFED636}.Debug|Any CPU.Build.0 = Debug|Any CPU
		{B490B448-56B4-49EE-B58A-05FC2FFED636}.Release|Any CPU.ActiveCfg = Release|Any CPU
		{B490B448-56B4-49EE-B58A-05FC2FFED636}.Release|Any CPU.Build.0 = Release|Any CPU
		{51D0B978-37CE-46A7-847C-7266E11F8774}.Debug|Any CPU.ActiveCfg = Debug|Any CPU
		{51D0B978-37CE-46A7-847C-7266E11F8774}.Debug|Any CPU.Build.0 = Debug|Any CPU
		{51D0B978-37CE-46A7-847C-7266E11F8774}.Release|Any CPU.ActiveCfg = Release|Any CPU
		{51D0B978-37CE-46A7-847C-7266E11F8774}.Release|Any CPU.Build.0 = Release|Any CPU
		{0785C754-7692-4D40-9C99-5B65B59F42B0}.Debug|Any CPU.ActiveCfg = Debug|Any CPU
		{0785C754-7692-4D40-9C99-5B65B59F42B0}.Debug|Any CPU.Build.0 = Debug|Any CPU
		{0785C754-7692-4D40-9C99-5B65B59F42B0}.Release|Any CPU.ActiveCfg = Release|Any CPU
		{0785C754-7692-4D40-9C99-5B65B59F42B0}.Release|Any CPU.Build.0 = Release|Any CPU
		{E3B9DFBB-7BAF-46FB-9D8C-9857AADAF7E4}.Debug|Any CPU.ActiveCfg = Debug|Any CPU
		{E3B9DFBB-7BAF-46FB-9D8C-9857AADAF7E4}.Debug|Any CPU.Build.0 = Debug|Any CPU
		{E3B9DFBB-7BAF-46FB-9D8C-9857AADAF7E4}.Release|Any CPU.ActiveCfg = Release|Any CPU
		{E3B9DFBB-7BAF-46FB-9D8C-9857AADAF7E4}.Release|Any CPU.Build.0 = Release|Any CPU
		{37F159C9-2FF8-4576-893E-8EA7058E00FA}.Debug|Any CPU.ActiveCfg = Debug|Any CPU
		{37F159C9-2FF8-4576-893E-8EA7058E00FA}.Debug|Any CPU.Build.0 = Debug|Any CPU
		{37F159C9-2FF8-4576-893E-8EA7058E00FA}.Release|Any CPU.ActiveCfg = Release|Any CPU
		{37F159C9-2FF8-4576-893E-8EA7058E00FA}.Release|Any CPU.Build.0 = Release|Any CPU
		{D46C0D0B-F849-46B9-8D4B-C762728DC446}.Debug|Any CPU.ActiveCfg = Debug|Any CPU
		{D46C0D0B-F849-46B9-8D4B-C762728DC446}.Debug|Any CPU.Build.0 = Debug|Any CPU
		{D46C0D0B-F849-46B9-8D4B-C762728DC446}.Release|Any CPU.ActiveCfg = Release|Any CPU
		{D46C0D0B-F849-46B9-8D4B-C762728DC446}.Release|Any CPU.Build.0 = Release|Any CPU
		{40486EE4-953E-46C0-B68C-F757B5E8EEAC}.Debug|Any CPU.ActiveCfg = Debug|Any CPU
		{40486EE4-953E-46C0-B68C-F757B5E8EEAC}.Debug|Any CPU.Build.0 = Debug|Any CPU
		{40486EE4-953E-46C0-B68C-F757B5E8EEAC}.Release|Any CPU.ActiveCfg = Release|Any CPU
		{40486EE4-953E-46C0-B68C-F757B5E8EEAC}.Release|Any CPU.Build.0 = Release|Any CPU
		{20537759-AB0B-46FB-BB0A-96CF0A0EAA91}.Debug|Any CPU.ActiveCfg = Debug|Any CPU
		{20537759-AB0B-46FB-BB0A-96CF0A0EAA91}.Debug|Any CPU.Build.0 = Debug|Any CPU
		{20537759-AB0B-46FB-BB0A-96CF0A0EAA91}.Release|Any CPU.ActiveCfg = Release|Any CPU
		{20537759-AB0B-46FB-BB0A-96CF0A0EAA91}.Release|Any CPU.Build.0 = Release|Any CPU
		{80605078-D47A-43D3-A0D8-C4DEB64FDB97}.Debug|Any CPU.ActiveCfg = Debug|Any CPU
		{80605078-D47A-43D3-A0D8-C4DEB64FDB97}.Debug|Any CPU.Build.0 = Debug|Any CPU
		{80605078-D47A-43D3-A0D8-C4DEB64FDB97}.Release|Any CPU.ActiveCfg = Release|Any CPU
		{80605078-D47A-43D3-A0D8-C4DEB64FDB97}.Release|Any CPU.Build.0 = Release|Any CPU
		{EDFD35AE-CA39-4807-AA54-8BD69CDC3495}.Debug|Any CPU.ActiveCfg = Debug|Any CPU
		{EDFD35AE-CA39-4807-AA54-8BD69CDC3495}.Debug|Any CPU.Build.0 = Debug|Any CPU
		{EDFD35AE-CA39-4807-AA54-8BD69CDC3495}.Release|Any CPU.ActiveCfg = Release|Any CPU
		{EDFD35AE-CA39-4807-AA54-8BD69CDC3495}.Release|Any CPU.Build.0 = Release|Any CPU
		{BF02F565-8642-45C9-B2BA-120CBEE99D43}.Debug|Any CPU.ActiveCfg = Debug|Any CPU
		{BF02F565-8642-45C9-B2BA-120CBEE99D43}.Debug|Any CPU.Build.0 = Debug|Any CPU
		{BF02F565-8642-45C9-B2BA-120CBEE99D43}.Release|Any CPU.ActiveCfg = Release|Any CPU
		{BF02F565-8642-45C9-B2BA-120CBEE99D43}.Release|Any CPU.Build.0 = Release|Any CPU
		{78687185-CC0B-4E3A-B074-D50299123BFE}.Debug|Any CPU.ActiveCfg = Debug|Any CPU
		{78687185-CC0B-4E3A-B074-D50299123BFE}.Debug|Any CPU.Build.0 = Debug|Any CPU
		{78687185-CC0B-4E3A-B074-D50299123BFE}.Release|Any CPU.ActiveCfg = Release|Any CPU
		{78687185-CC0B-4E3A-B074-D50299123BFE}.Release|Any CPU.Build.0 = Release|Any CPU
		{01C227F6-BB77-410E-A647-50CDC026303E}.Debug|Any CPU.ActiveCfg = Debug|Any CPU
		{01C227F6-BB77-410E-A647-50CDC026303E}.Debug|Any CPU.Build.0 = Debug|Any CPU
		{01C227F6-BB77-410E-A647-50CDC026303E}.Release|Any CPU.ActiveCfg = Release|Any CPU
		{01C227F6-BB77-410E-A647-50CDC026303E}.Release|Any CPU.Build.0 = Release|Any CPU
		{4D487995-E81C-4B98-9893-BDCB66052498}.Debug|Any CPU.ActiveCfg = Debug|Any CPU
		{4D487995-E81C-4B98-9893-BDCB66052498}.Debug|Any CPU.Build.0 = Debug|Any CPU
		{4D487995-E81C-4B98-9893-BDCB66052498}.Release|Any CPU.ActiveCfg = Release|Any CPU
		{4D487995-E81C-4B98-9893-BDCB66052498}.Release|Any CPU.Build.0 = Release|Any CPU
		{C44AB390-3178-41F4-88AC-7742A5C6B1FD}.Debug|Any CPU.ActiveCfg = Debug|Any CPU
		{C44AB390-3178-41F4-88AC-7742A5C6B1FD}.Debug|Any CPU.Build.0 = Debug|Any CPU
		{C44AB390-3178-41F4-88AC-7742A5C6B1FD}.Release|Any CPU.ActiveCfg = Release|Any CPU
		{C44AB390-3178-41F4-88AC-7742A5C6B1FD}.Release|Any CPU.Build.0 = Release|Any CPU
		{84EAA1F3-7DF0-4C8C-A87F-E4434615A714}.Debug|Any CPU.ActiveCfg = Debug|Any CPU
		{84EAA1F3-7DF0-4C8C-A87F-E4434615A714}.Debug|Any CPU.Build.0 = Debug|Any CPU
		{84EAA1F3-7DF0-4C8C-A87F-E4434615A714}.Release|Any CPU.ActiveCfg = Release|Any CPU
		{84EAA1F3-7DF0-4C8C-A87F-E4434615A714}.Release|Any CPU.Build.0 = Release|Any CPU
		{A0D093CC-309D-447F-A7EC-04CC6C36DB98}.Debug|Any CPU.ActiveCfg = Debug|Any CPU
		{A0D093CC-309D-447F-A7EC-04CC6C36DB98}.Debug|Any CPU.Build.0 = Debug|Any CPU
		{A0D093CC-309D-447F-A7EC-04CC6C36DB98}.Release|Any CPU.ActiveCfg = Release|Any CPU
		{A0D093CC-309D-447F-A7EC-04CC6C36DB98}.Release|Any CPU.Build.0 = Release|Any CPU
		{4E7A226E-12F5-4086-B62F-5919B02F126B}.Debug|Any CPU.ActiveCfg = Debug|Any CPU
		{4E7A226E-12F5-4086-B62F-5919B02F126B}.Debug|Any CPU.Build.0 = Debug|Any CPU
		{4E7A226E-12F5-4086-B62F-5919B02F126B}.Release|Any CPU.ActiveCfg = Release|Any CPU
		{4E7A226E-12F5-4086-B62F-5919B02F126B}.Release|Any CPU.Build.0 = Release|Any CPU
		{D1C0D078-2484-4DA7-B29B-9535A3A3CD55}.Debug|Any CPU.ActiveCfg = Debug|Any CPU
		{D1C0D078-2484-4DA7-B29B-9535A3A3CD55}.Debug|Any CPU.Build.0 = Debug|Any CPU
		{D1C0D078-2484-4DA7-B29B-9535A3A3CD55}.Release|Any CPU.ActiveCfg = Release|Any CPU
		{D1C0D078-2484-4DA7-B29B-9535A3A3CD55}.Release|Any CPU.Build.0 = Release|Any CPU
		{D7B5D5FE-6F1C-4B7C-9267-8D59132E08CF}.Debug|Any CPU.ActiveCfg = Debug|Any CPU
		{D7B5D5FE-6F1C-4B7C-9267-8D59132E08CF}.Debug|Any CPU.Build.0 = Debug|Any CPU
		{D7B5D5FE-6F1C-4B7C-9267-8D59132E08CF}.Release|Any CPU.ActiveCfg = Release|Any CPU
		{D7B5D5FE-6F1C-4B7C-9267-8D59132E08CF}.Release|Any CPU.Build.0 = Release|Any CPU
		{B9ACF3EA-922A-4B15-8E38-E0C46972BF0F}.Debug|Any CPU.ActiveCfg = Debug|Any CPU
		{B9ACF3EA-922A-4B15-8E38-E0C46972BF0F}.Debug|Any CPU.Build.0 = Debug|Any CPU
		{B9ACF3EA-922A-4B15-8E38-E0C46972BF0F}.Release|Any CPU.ActiveCfg = Release|Any CPU
		{B9ACF3EA-922A-4B15-8E38-E0C46972BF0F}.Release|Any CPU.Build.0 = Release|Any CPU
		{DB8DC706-CCD4-4AFA-810A-181A25C73839}.Debug|Any CPU.ActiveCfg = Debug|Any CPU
		{DB8DC706-CCD4-4AFA-810A-181A25C73839}.Debug|Any CPU.Build.0 = Debug|Any CPU
		{DB8DC706-CCD4-4AFA-810A-181A25C73839}.Release|Any CPU.ActiveCfg = Release|Any CPU
		{DB8DC706-CCD4-4AFA-810A-181A25C73839}.Release|Any CPU.Build.0 = Release|Any CPU
		{BE96D25B-17F3-470E-B74B-992F6E6AFD0E}.Debug|Any CPU.ActiveCfg = Debug|Any CPU
		{BE96D25B-17F3-470E-B74B-992F6E6AFD0E}.Debug|Any CPU.Build.0 = Debug|Any CPU
		{BE96D25B-17F3-470E-B74B-992F6E6AFD0E}.Release|Any CPU.ActiveCfg = Release|Any CPU
		{BE96D25B-17F3-470E-B74B-992F6E6AFD0E}.Release|Any CPU.Build.0 = Release|Any CPU
		{D15C5716-2A49-4F68-B628-0EA89B9F1CD2}.Debug|Any CPU.ActiveCfg = Debug|Any CPU
		{D15C5716-2A49-4F68-B628-0EA89B9F1CD2}.Debug|Any CPU.Build.0 = Debug|Any CPU
		{D15C5716-2A49-4F68-B628-0EA89B9F1CD2}.Release|Any CPU.ActiveCfg = Release|Any CPU
		{D15C5716-2A49-4F68-B628-0EA89B9F1CD2}.Release|Any CPU.Build.0 = Release|Any CPU
		{5ADB6536-E6FE-4D48-9D61-FBB55FE856A7}.Debug|Any CPU.ActiveCfg = Debug|Any CPU
		{5ADB6536-E6FE-4D48-9D61-FBB55FE856A7}.Debug|Any CPU.Build.0 = Debug|Any CPU
		{5ADB6536-E6FE-4D48-9D61-FBB55FE856A7}.Release|Any CPU.ActiveCfg = Release|Any CPU
		{5ADB6536-E6FE-4D48-9D61-FBB55FE856A7}.Release|Any CPU.Build.0 = Release|Any CPU
		{D3EF58C4-E6B1-4A82-8D88-28F4C05D0FA8}.Debug|Any CPU.ActiveCfg = Debug|Any CPU
		{D3EF58C4-E6B1-4A82-8D88-28F4C05D0FA8}.Debug|Any CPU.Build.0 = Debug|Any CPU
		{D3EF58C4-E6B1-4A82-8D88-28F4C05D0FA8}.Release|Any CPU.ActiveCfg = Release|Any CPU
		{D3EF58C4-E6B1-4A82-8D88-28F4C05D0FA8}.Release|Any CPU.Build.0 = Release|Any CPU
		{B941E970-83EE-4CB1-8017-A051072BC254}.Debug|Any CPU.ActiveCfg = Debug|Any CPU
		{B941E970-83EE-4CB1-8017-A051072BC254}.Debug|Any CPU.Build.0 = Debug|Any CPU
		{B941E970-83EE-4CB1-8017-A051072BC254}.Release|Any CPU.ActiveCfg = Release|Any CPU
		{B941E970-83EE-4CB1-8017-A051072BC254}.Release|Any CPU.Build.0 = Release|Any CPU
		{40B6A57F-02F0-488B-B5D9-A6874153F47A}.Debug|Any CPU.ActiveCfg = Debug|Any CPU
		{40B6A57F-02F0-488B-B5D9-A6874153F47A}.Debug|Any CPU.Build.0 = Debug|Any CPU
		{40B6A57F-02F0-488B-B5D9-A6874153F47A}.Release|Any CPU.ActiveCfg = Release|Any CPU
		{40B6A57F-02F0-488B-B5D9-A6874153F47A}.Release|Any CPU.Build.0 = Release|Any CPU
		{57AFB355-1211-4035-841B-DCFE1A6F1E16}.Debug|Any CPU.ActiveCfg = Debug|Any CPU
		{57AFB355-1211-4035-841B-DCFE1A6F1E16}.Debug|Any CPU.Build.0 = Debug|Any CPU
		{57AFB355-1211-4035-841B-DCFE1A6F1E16}.Release|Any CPU.ActiveCfg = Release|Any CPU
		{57AFB355-1211-4035-841B-DCFE1A6F1E16}.Release|Any CPU.Build.0 = Release|Any CPU
		{3445E28F-1FCC-495F-B4C3-A060EDFA7BEC}.Debug|Any CPU.ActiveCfg = Debug|Any CPU
		{3445E28F-1FCC-495F-B4C3-A060EDFA7BEC}.Debug|Any CPU.Build.0 = Debug|Any CPU
		{3445E28F-1FCC-495F-B4C3-A060EDFA7BEC}.Release|Any CPU.ActiveCfg = Release|Any CPU
		{3445E28F-1FCC-495F-B4C3-A060EDFA7BEC}.Release|Any CPU.Build.0 = Release|Any CPU
		{0AC6C3D2-59E7-49A2-8A4E-89EA22789A56}.Debug|Any CPU.ActiveCfg = Debug|Any CPU
		{0AC6C3D2-59E7-49A2-8A4E-89EA22789A56}.Debug|Any CPU.Build.0 = Debug|Any CPU
		{0AC6C3D2-59E7-49A2-8A4E-89EA22789A56}.Release|Any CPU.ActiveCfg = Release|Any CPU
		{0AC6C3D2-59E7-49A2-8A4E-89EA22789A56}.Release|Any CPU.Build.0 = Release|Any CPU
		{B1DE191B-763E-464B-B026-DD9FA09E477F}.Debug|Any CPU.ActiveCfg = Debug|Any CPU
		{B1DE191B-763E-464B-B026-DD9FA09E477F}.Debug|Any CPU.Build.0 = Debug|Any CPU
		{B1DE191B-763E-464B-B026-DD9FA09E477F}.Release|Any CPU.ActiveCfg = Release|Any CPU
		{B1DE191B-763E-464B-B026-DD9FA09E477F}.Release|Any CPU.Build.0 = Release|Any CPU
		{768BE4F1-8E9E-4D84-A0C6-171B19642D32}.Debug|Any CPU.ActiveCfg = Debug|Any CPU
		{768BE4F1-8E9E-4D84-A0C6-171B19642D32}.Debug|Any CPU.Build.0 = Debug|Any CPU
		{768BE4F1-8E9E-4D84-A0C6-171B19642D32}.Release|Any CPU.ActiveCfg = Release|Any CPU
		{768BE4F1-8E9E-4D84-A0C6-171B19642D32}.Release|Any CPU.Build.0 = Release|Any CPU
		{FF857D49-26E4-436E-A9A8-727FB48BA643}.Debug|Any CPU.ActiveCfg = Debug|Any CPU
		{FF857D49-26E4-436E-A9A8-727FB48BA643}.Debug|Any CPU.Build.0 = Debug|Any CPU
		{FF857D49-26E4-436E-A9A8-727FB48BA643}.Release|Any CPU.ActiveCfg = Release|Any CPU
		{FF857D49-26E4-436E-A9A8-727FB48BA643}.Release|Any CPU.Build.0 = Release|Any CPU
		{7742F8FA-5357-45C9-A7C3-723158D351DE}.Debug|Any CPU.ActiveCfg = Debug|Any CPU
		{7742F8FA-5357-45C9-A7C3-723158D351DE}.Debug|Any CPU.Build.0 = Debug|Any CPU
		{7742F8FA-5357-45C9-A7C3-723158D351DE}.Release|Any CPU.ActiveCfg = Release|Any CPU
		{7742F8FA-5357-45C9-A7C3-723158D351DE}.Release|Any CPU.Build.0 = Release|Any CPU
		{303FF97A-A332-45CD-96A5-FE3B1E1A9BCF}.Debug|Any CPU.ActiveCfg = Debug|Any CPU
		{303FF97A-A332-45CD-96A5-FE3B1E1A9BCF}.Debug|Any CPU.Build.0 = Debug|Any CPU
		{303FF97A-A332-45CD-96A5-FE3B1E1A9BCF}.Release|Any CPU.ActiveCfg = Release|Any CPU
		{303FF97A-A332-45CD-96A5-FE3B1E1A9BCF}.Release|Any CPU.Build.0 = Release|Any CPU
		{5017C142-65B9-4CA3-B333-7535C97F7EEE}.Debug|Any CPU.ActiveCfg = Debug|Any CPU
		{5017C142-65B9-4CA3-B333-7535C97F7EEE}.Debug|Any CPU.Build.0 = Debug|Any CPU
		{5017C142-65B9-4CA3-B333-7535C97F7EEE}.Release|Any CPU.ActiveCfg = Release|Any CPU
		{5017C142-65B9-4CA3-B333-7535C97F7EEE}.Release|Any CPU.Build.0 = Release|Any CPU
		{06E574ED-D0D5-4C00-9951-E6B76C03E00B}.Debug|Any CPU.ActiveCfg = Debug|Any CPU
		{06E574ED-D0D5-4C00-9951-E6B76C03E00B}.Debug|Any CPU.Build.0 = Debug|Any CPU
		{06E574ED-D0D5-4C00-9951-E6B76C03E00B}.Release|Any CPU.ActiveCfg = Release|Any CPU
		{06E574ED-D0D5-4C00-9951-E6B76C03E00B}.Release|Any CPU.Build.0 = Release|Any CPU
	EndGlobalSection
	GlobalSection(NestedProjects) = preSolution
		{3925DF05-96F4-4B5C-8B4B-4198983F782D} = {7A0634AD-F7FC-4E09-9BF5-677314379190}
		{24F693E6-9E98-4D09-84D1-29865E49A3E6} = {3925DF05-96F4-4B5C-8B4B-4198983F782D}
		{4ED2A90F-88C6-4C20-BDB1-43C317104F8D} = {24F693E6-9E98-4D09-84D1-29865E49A3E6}
		{820B48AD-4023-444A-87C2-69A8042B4685} = {7A0634AD-F7FC-4E09-9BF5-677314379190}
		{09AEC369-B626-4023-9B98-63846712FDC0} = {820B48AD-4023-444A-87C2-69A8042B4685}
		{CCCBD5E7-422A-444A-AB1D-F4D46CA3C8DA} = {09AEC369-B626-4023-9B98-63846712FDC0}
		{EC80E732-8560-46EC-9825-8E268497C023} = {24F693E6-9E98-4D09-84D1-29865E49A3E6}
		{7C99D49C-9E84-4034-982D-B572407ED1DB} = {09AEC369-B626-4023-9B98-63846712FDC0}
		{798F7942-F7A5-4800-ABE6-58C1463A212F} = {7A0634AD-F7FC-4E09-9BF5-677314379190}
		{10555AA4-B3C8-49D2-AD6A-5275BD6D8115} = {798F7942-F7A5-4800-ABE6-58C1463A212F}
		{40513EDB-87E8-4B20-AA16-2C8B325F7323} = {10555AA4-B3C8-49D2-AD6A-5275BD6D8115}
		{61E6BB97-B157-42D5-BD9B-D5BB7A7CB6C6} = {10555AA4-B3C8-49D2-AD6A-5275BD6D8115}
		{10C02614-20E6-45BB-B10D-AA4F3A001218} = {7A0634AD-F7FC-4E09-9BF5-677314379190}
		{0BFA1D2B-16AD-460D-9B5A-049FDD688566} = {10C02614-20E6-45BB-B10D-AA4F3A001218}
		{DD8D6AA7-FCEB-4E52-88E7-68C3F33438E2} = {0BFA1D2B-16AD-460D-9B5A-049FDD688566}
		{2924DCD1-B855-4537-B9E2-02358312D3AE} = {0BFA1D2B-16AD-460D-9B5A-049FDD688566}
		{A12C905D-279C-4A26-B451-90EE385D08E1} = {7A0634AD-F7FC-4E09-9BF5-677314379190}
		{23BC28E1-60C9-40FC-B1A7-A45149B6F41E} = {A12C905D-279C-4A26-B451-90EE385D08E1}
		{CB698161-DFD6-4705-8C24-E90E2DF8173B} = {23BC28E1-60C9-40FC-B1A7-A45149B6F41E}
		{12CB9257-7165-4BDF-8D1A-F14B4D5E8B93} = {23BC28E1-60C9-40FC-B1A7-A45149B6F41E}
		{EBBF33AF-D4FE-401E-8DC8-8E4B5B2384C4} = {7A0634AD-F7FC-4E09-9BF5-677314379190}
		{C784B33E-59F4-4EAF-9F32-7ABAAFB23A7C} = {EBBF33AF-D4FE-401E-8DC8-8E4B5B2384C4}
		{CA282AAD-70C4-4DB3-86BC-7319438A8742} = {C784B33E-59F4-4EAF-9F32-7ABAAFB23A7C}
		{F159291C-2AFF-463A-B6F1-08981854AE44} = {C784B33E-59F4-4EAF-9F32-7ABAAFB23A7C}
		{64D3AEFB-DC5D-4F03-8C89-9B2A4CFED6E4} = {7A0634AD-F7FC-4E09-9BF5-677314379190}
		{950F1CF4-7AF4-433E-9AE3-4B231E0BB580} = {64D3AEFB-DC5D-4F03-8C89-9B2A4CFED6E4}
		{234704AE-320A-4877-AF07-C19DF8729D9D} = {950F1CF4-7AF4-433E-9AE3-4B231E0BB580}
		{88983226-86F8-40B2-AA2C-CA6F816BEA7E} = {950F1CF4-7AF4-433E-9AE3-4B231E0BB580}
		{50584122-E6FF-47AE-89D1-79891DC4857B} = {7A0634AD-F7FC-4E09-9BF5-677314379190}
		{0533B931-9765-4783-B913-75E937767D47} = {50584122-E6FF-47AE-89D1-79891DC4857B}
		{1983826E-8060-4E18-B492-41C3688B2DA7} = {0533B931-9765-4783-B913-75E937767D47}
		{CEE7B8B6-D447-4EDB-BA79-A9653043CD79} = {0533B931-9765-4783-B913-75E937767D47}
		{BFAF1F1E-F06A-4D3A-969A-787EB6A2ACF0} = {7A0634AD-F7FC-4E09-9BF5-677314379190}
		{5CA71C79-271B-4A4C-BDFC-B00750CEA612} = {BFAF1F1E-F06A-4D3A-969A-787EB6A2ACF0}
		{214C784A-A651-4A00-8C09-55362BD8AD70} = {5CA71C79-271B-4A4C-BDFC-B00750CEA612}
		{AC4765A5-73BF-458D-A75F-1488A761E22B} = {5CA71C79-271B-4A4C-BDFC-B00750CEA612}
		{9D6D407F-DA2C-485E-BF68-0F19D043697C} = {7A0634AD-F7FC-4E09-9BF5-677314379190}
		{CCB945AC-821D-4D78-93A2-BF95ACA9F1B1} = {9D6D407F-DA2C-485E-BF68-0F19D043697C}
		{745B51D8-1260-476B-8089-92845E471A56} = {CCB945AC-821D-4D78-93A2-BF95ACA9F1B1}
		{6FA38147-CB30-42E6-ACC9-348B2CE0E1F9} = {CCB945AC-821D-4D78-93A2-BF95ACA9F1B1}
		{B09CAA05-4D1E-4682-BDE6-87C5E17D188E} = {7A0634AD-F7FC-4E09-9BF5-677314379190}
		{5F52D393-A9D8-41B0-BA1E-FE2FEF0FCD82} = {B09CAA05-4D1E-4682-BDE6-87C5E17D188E}
		{048E8800-FEEA-46DB-8E64-CEC4CF8030B5} = {5F52D393-A9D8-41B0-BA1E-FE2FEF0FCD82}
		{097EC957-14F2-40E0-9D94-1EF46213849D} = {5F52D393-A9D8-41B0-BA1E-FE2FEF0FCD82}
		{73BD04C5-B973-4E64-BDBC-C104EAB930AA} = {7A0634AD-F7FC-4E09-9BF5-677314379190}
		{5470C320-0CAD-425B-BC9A-C73D1E572DF4} = {73BD04C5-B973-4E64-BDBC-C104EAB930AA}
		{C278CB18-A63F-40CA-B0CD-C2BFAE01219B} = {5470C320-0CAD-425B-BC9A-C73D1E572DF4}
		{46F47F5A-6D0F-418A-8517-CA327BF5C268} = {5470C320-0CAD-425B-BC9A-C73D1E572DF4}
		{E915DF42-0649-4CD4-A608-3558BE0ED21B} = {7A0634AD-F7FC-4E09-9BF5-677314379190}
		{AF682DB2-B457-4FAC-A2F9-97F6721691D9} = {E915DF42-0649-4CD4-A608-3558BE0ED21B}
		{493D2EE4-C698-4B1B-81C9-F64EFDD0A546} = {AF682DB2-B457-4FAC-A2F9-97F6721691D9}
		{EB01975F-0E95-43B2-9982-16F039EB2AED} = {AF682DB2-B457-4FAC-A2F9-97F6721691D9}
		{7367259A-4483-44CB-9FC5-64732070AC30} = {7A0634AD-F7FC-4E09-9BF5-677314379190}
		{81949335-692F-4C56-9104-390C13D314BA} = {7367259A-4483-44CB-9FC5-64732070AC30}
		{AD593FC5-85E4-4DC6-B4BD-A0D8018F2E79} = {81949335-692F-4C56-9104-390C13D314BA}
		{EC18303E-605C-40E7-AD75-D2C92F57BEB6} = {81949335-692F-4C56-9104-390C13D314BA}
		{72C553B3-E7CD-4506-B13A-C7FCFEBD5302} = {7A0634AD-F7FC-4E09-9BF5-677314379190}
		{4618DFF7-2202-4734-BBE1-90706E840FC8} = {72C553B3-E7CD-4506-B13A-C7FCFEBD5302}
		{3FCBE113-39B9-47DE-A9B4-3F0E904BA017} = {4618DFF7-2202-4734-BBE1-90706E840FC8}
		{68E9BC49-E7E0-4ADE-AAC4-BF1BA2AAF0CE} = {4618DFF7-2202-4734-BBE1-90706E840FC8}
		{9C4396CB-5120-4BAE-9CC6-6DD8EBB53421} = {7A0634AD-F7FC-4E09-9BF5-677314379190}
		{F8773E51-7C95-4F51-81F0-7A4D22367346} = {9C4396CB-5120-4BAE-9CC6-6DD8EBB53421}
		{37DC5E8E-E9A3-438C-8EB5-786E5E303076} = {F8773E51-7C95-4F51-81F0-7A4D22367346}
		{B8BF26EC-721F-41E3-977D-FC4F08CF7A03} = {F8773E51-7C95-4F51-81F0-7A4D22367346}
		{DCD20948-8A1A-40CF-A23D-D4B0E14D122E} = {7A0634AD-F7FC-4E09-9BF5-677314379190}
		{0288A052-0E8A-4F3E-8F4A-99D9D54FBB5B} = {DCD20948-8A1A-40CF-A23D-D4B0E14D122E}
		{0105D23C-9413-43FE-AA38-F52B2B74F07A} = {0288A052-0E8A-4F3E-8F4A-99D9D54FBB5B}
		{F200A481-8996-4F48-907D-9DFE5DF4A156} = {0288A052-0E8A-4F3E-8F4A-99D9D54FBB5B}
		{F43C8B39-E1A0-4C00-8F33-3D93AF00B7D6} = {7A0634AD-F7FC-4E09-9BF5-677314379190}
		{64DD11AC-7363-430D-AC86-528127E9D767} = {F43C8B39-E1A0-4C00-8F33-3D93AF00B7D6}
		{35C73F67-9695-4B33-9994-CCB98C09803E} = {64DD11AC-7363-430D-AC86-528127E9D767}
		{4AB89089-CF88-441F-92E0-5AB3E239BB2B} = {64DD11AC-7363-430D-AC86-528127E9D767}
		{2788AD74-9F96-4FE8-BC19-439DBFA86D60} = {7A0634AD-F7FC-4E09-9BF5-677314379190}
		{E1EA11B7-A060-435A-82A1-7B01D8176E2D} = {2788AD74-9F96-4FE8-BC19-439DBFA86D60}
		{A771EE62-35B6-4156-92BF-DAAAD18706D2} = {E1EA11B7-A060-435A-82A1-7B01D8176E2D}
		{B490B448-56B4-49EE-B58A-05FC2FFED636} = {E1EA11B7-A060-435A-82A1-7B01D8176E2D}
		{41E4EBCA-0176-4EB0-B483-A3F453C854DE} = {7A0634AD-F7FC-4E09-9BF5-677314379190}
		{ADD95D33-2CEF-4406-B55D-B040B4F76691} = {41E4EBCA-0176-4EB0-B483-A3F453C854DE}
		{51D0B978-37CE-46A7-847C-7266E11F8774} = {ADD95D33-2CEF-4406-B55D-B040B4F76691}
		{0785C754-7692-4D40-9C99-5B65B59F42B0} = {ADD95D33-2CEF-4406-B55D-B040B4F76691}
		{A664DC5C-67FC-4D37-91CC-E72CC90D622E} = {7A0634AD-F7FC-4E09-9BF5-677314379190}
		{6DB6CD19-79A2-49E3-9C4A-7ADE62262E34} = {A664DC5C-67FC-4D37-91CC-E72CC90D622E}
		{E3B9DFBB-7BAF-46FB-9D8C-9857AADAF7E4} = {6DB6CD19-79A2-49E3-9C4A-7ADE62262E34}
		{37F159C9-2FF8-4576-893E-8EA7058E00FA} = {6DB6CD19-79A2-49E3-9C4A-7ADE62262E34}
		{2456723C-0EC8-48D2-97A7-F8298CEE6459} = {7A0634AD-F7FC-4E09-9BF5-677314379190}
		{50D5C73F-5350-4884-872A-ECC6952E383A} = {2456723C-0EC8-48D2-97A7-F8298CEE6459}
		{D46C0D0B-F849-46B9-8D4B-C762728DC446} = {50D5C73F-5350-4884-872A-ECC6952E383A}
		{40486EE4-953E-46C0-B68C-F757B5E8EEAC} = {50D5C73F-5350-4884-872A-ECC6952E383A}
		{114EB9E2-8B16-4020-90C6-3349A9054754} = {7A0634AD-F7FC-4E09-9BF5-677314379190}
		{14BDDC6D-91DA-4858-B615-2770B175D264} = {114EB9E2-8B16-4020-90C6-3349A9054754}
		{20537759-AB0B-46FB-BB0A-96CF0A0EAA91} = {14BDDC6D-91DA-4858-B615-2770B175D264}
		{80605078-D47A-43D3-A0D8-C4DEB64FDB97} = {14BDDC6D-91DA-4858-B615-2770B175D264}
		{A55E32DF-46AF-445C-AD44-3529D238F0B1} = {7A0634AD-F7FC-4E09-9BF5-677314379190}
		{D5FBFDFD-6C63-46A3-AAE3-4F1AE0A96F78} = {A55E32DF-46AF-445C-AD44-3529D238F0B1}
		{EDFD35AE-CA39-4807-AA54-8BD69CDC3495} = {D5FBFDFD-6C63-46A3-AAE3-4F1AE0A96F78}
		{BF02F565-8642-45C9-B2BA-120CBEE99D43} = {D5FBFDFD-6C63-46A3-AAE3-4F1AE0A96F78}
		{DED86E98-E7C1-4DBA-A23A-2E427C1D0707} = {7A0634AD-F7FC-4E09-9BF5-677314379190}
		{A93695F2-D9A0-44F5-9C62-C1B896B8AE17} = {DED86E98-E7C1-4DBA-A23A-2E427C1D0707}
		{78687185-CC0B-4E3A-B074-D50299123BFE} = {A93695F2-D9A0-44F5-9C62-C1B896B8AE17}
		{01C227F6-BB77-410E-A647-50CDC026303E} = {A93695F2-D9A0-44F5-9C62-C1B896B8AE17}
		{E6ACD882-5C39-4FE3-AFD3-CBC6C445183E} = {7A0634AD-F7FC-4E09-9BF5-677314379190}
		{26FE7535-691A-45C1-8A56-3BCCCEBBD43C} = {E6ACD882-5C39-4FE3-AFD3-CBC6C445183E}
		{4D487995-E81C-4B98-9893-BDCB66052498} = {26FE7535-691A-45C1-8A56-3BCCCEBBD43C}
		{C44AB390-3178-41F4-88AC-7742A5C6B1FD} = {26FE7535-691A-45C1-8A56-3BCCCEBBD43C}
		{F956E447-77F0-4033-893F-D569E46357A5} = {7A0634AD-F7FC-4E09-9BF5-677314379190}
		{504AFF32-BB61-4934-8191-C6439A41396B} = {F956E447-77F0-4033-893F-D569E46357A5}
		{84EAA1F3-7DF0-4C8C-A87F-E4434615A714} = {504AFF32-BB61-4934-8191-C6439A41396B}
		{A0D093CC-309D-447F-A7EC-04CC6C36DB98} = {504AFF32-BB61-4934-8191-C6439A41396B}
		{37822E9E-C3FB-4B8C-9C67-100535D9B736} = {7A0634AD-F7FC-4E09-9BF5-677314379190}
		{DE67506E-705B-434B-9B9A-C13ACC5CCC90} = {37822E9E-C3FB-4B8C-9C67-100535D9B736}
		{4E7A226E-12F5-4086-B62F-5919B02F126B} = {DE67506E-705B-434B-9B9A-C13ACC5CCC90}
		{D1C0D078-2484-4DA7-B29B-9535A3A3CD55} = {DE67506E-705B-434B-9B9A-C13ACC5CCC90}
		{9CA09687-22B6-44C9-89D7-4D1CC4555528} = {7A0634AD-F7FC-4E09-9BF5-677314379190}
		{3C9D1A76-0997-4719-9ABC-2A28DD479E8D} = {9CA09687-22B6-44C9-89D7-4D1CC4555528}
		{D7B5D5FE-6F1C-4B7C-9267-8D59132E08CF} = {3C9D1A76-0997-4719-9ABC-2A28DD479E8D}
		{B9ACF3EA-922A-4B15-8E38-E0C46972BF0F} = {3C9D1A76-0997-4719-9ABC-2A28DD479E8D}
		{DB8DC706-CCD4-4AFA-810A-181A25C73839} = {7A0634AD-F7FC-4E09-9BF5-677314379190}
		{05A02984-BF3E-4E2A-8555-578D8AA39D58} = {7A0634AD-F7FC-4E09-9BF5-677314379190}
		{6491057D-E464-45CB-B5FE-63D278DA8D89} = {05A02984-BF3E-4E2A-8555-578D8AA39D58}
		{BE96D25B-17F3-470E-B74B-992F6E6AFD0E} = {6491057D-E464-45CB-B5FE-63D278DA8D89}
		{D15C5716-2A49-4F68-B628-0EA89B9F1CD2} = {6491057D-E464-45CB-B5FE-63D278DA8D89}
		{B386D305-9D87-4504-8D1D-1BD05E41E08D} = {7A0634AD-F7FC-4E09-9BF5-677314379190}
		{DA711CBA-F4CB-418D-8ECB-8E0875AAF6E6} = {B386D305-9D87-4504-8D1D-1BD05E41E08D}
		{5ADB6536-E6FE-4D48-9D61-FBB55FE856A7} = {DA711CBA-F4CB-418D-8ECB-8E0875AAF6E6}
		{D3EF58C4-E6B1-4A82-8D88-28F4C05D0FA8} = {DA711CBA-F4CB-418D-8ECB-8E0875AAF6E6}
		{2BA600F8-7BFB-404C-9592-B0452993633D} = {7A0634AD-F7FC-4E09-9BF5-677314379190}
		{97A1D2D0-B51D-48CE-AB03-E4F941D82FC3} = {2BA600F8-7BFB-404C-9592-B0452993633D}
		{B941E970-83EE-4CB1-8017-A051072BC254} = {97A1D2D0-B51D-48CE-AB03-E4F941D82FC3}
		{40B6A57F-02F0-488B-B5D9-A6874153F47A} = {97A1D2D0-B51D-48CE-AB03-E4F941D82FC3}
		{CD51F0C6-1F42-4821-B276-6811879C2FCD} = {7A0634AD-F7FC-4E09-9BF5-677314379190}
		{54C6BCAB-E199-47E9-9991-48DA10700A46} = {CD51F0C6-1F42-4821-B276-6811879C2FCD}
		{57AFB355-1211-4035-841B-DCFE1A6F1E16} = {54C6BCAB-E199-47E9-9991-48DA10700A46}
		{3445E28F-1FCC-495F-B4C3-A060EDFA7BEC} = {54C6BCAB-E199-47E9-9991-48DA10700A46}
		{E21FF4D9-B094-4A85-B9FC-76BAA2EAA415} = {7A0634AD-F7FC-4E09-9BF5-677314379190}
		{DA49C1F4-87A4-4D57-835D-56A0080B227C} = {E21FF4D9-B094-4A85-B9FC-76BAA2EAA415}
		{0AC6C3D2-59E7-49A2-8A4E-89EA22789A56} = {DA49C1F4-87A4-4D57-835D-56A0080B227C}
		{B1DE191B-763E-464B-B026-DD9FA09E477F} = {DA49C1F4-87A4-4D57-835D-56A0080B227C}
		{0B3444B0-8C7F-4D00-85F3-4938063AE690} = {7A0634AD-F7FC-4E09-9BF5-677314379190}
		{45C4BA11-A5A3-4E01-9B18-40893465B9A7} = {0B3444B0-8C7F-4D00-85F3-4938063AE690}
		{768BE4F1-8E9E-4D84-A0C6-171B19642D32} = {45C4BA11-A5A3-4E01-9B18-40893465B9A7}
		{FF857D49-26E4-436E-A9A8-727FB48BA643} = {45C4BA11-A5A3-4E01-9B18-40893465B9A7}
		{B5D47B41-B4C1-467C-AEE4-F495E5F39B53} = {7A0634AD-F7FC-4E09-9BF5-677314379190}
		{26A0B916-97B3-4038-95E7-F9C056AD0AC2} = {B5D47B41-B4C1-467C-AEE4-F495E5F39B53}
		{7742F8FA-5357-45C9-A7C3-723158D351DE} = {26A0B916-97B3-4038-95E7-F9C056AD0AC2}
		{303FF97A-A332-45CD-96A5-FE3B1E1A9BCF} = {26A0B916-97B3-4038-95E7-F9C056AD0AC2}
		{75B66E25-BB65-4982-B09B-05FD187F3C2E} = {7A0634AD-F7FC-4E09-9BF5-677314379190}
		{FCE4A57C-6DCF-4796-8C4F-3BFD376943D8} = {75B66E25-BB65-4982-B09B-05FD187F3C2E}
		{5017C142-65B9-4CA3-B333-7535C97F7EEE} = {FCE4A57C-6DCF-4796-8C4F-3BFD376943D8}
		{06E574ED-D0D5-4C00-9951-E6B76C03E00B} = {FCE4A57C-6DCF-4796-8C4F-3BFD376943D8}
	EndGlobalSection
EndGlobal
