
Microsoft Visual Studio Solution File, Format Version 12.00
# Visual Studio Version 17
VisualStudioVersion = 17.0.31903.59
MinimumVisualStudioVersion = 10.0.40219.1
Project("{2150E333-8FDC-42A3-9474-1A3956D46DE8}") = "src", "src", "{7A0634AD-F7FC-4E09-9BF5-677314379190}"
EndProject
Project("{2150E333-8FDC-42A3-9474-1A3956D46DE8}") = "1_merge-strings-alternately", "1_merge-strings-alternately", "{3925DF05-96F4-4B5C-8B4B-4198983F782D}"
EndProject
Project("{2150E333-8FDC-42A3-9474-1A3956D46DE8}") = "csharp", "csharp", "{24F693E6-9E98-4D09-84D1-29865E49A3E6}"
EndProject
Project("{FAE04EC0-301F-11D3-BF4B-00C04F79EFBC}") = "Program", "src\1_merge-strings-alternately\csharp\Program\Program.csproj", "{4ED2A90F-88C6-4C20-BDB1-43C317104F8D}"
EndProject
Project("{FAE04EC0-301F-11D3-BF4B-00C04F79EFBC}") = "Program.Tests", "src\1_merge-strings-alternately\csharp\Program.Tests\Program.Tests.csproj", "{EC80E732-8560-46EC-9825-8E268497C023}"
EndProject
Project("{2150E333-8FDC-42A3-9474-1A3956D46DE8}") = "2_greatest-common-divisor-of-strings", "2_greatest-common-divisor-of-strings", "{820B48AD-4023-444A-87C2-69A8042B4685}"
EndProject
Project("{2150E333-8FDC-42A3-9474-1A3956D46DE8}") = "csharp", "csharp", "{09AEC369-B626-4023-9B98-63846712FDC0}"
EndProject
Project("{FAE04EC0-301F-11D3-BF4B-00C04F79EFBC}") = "Program", "src\2_greatest-common-divisor-of-strings\csharp\Program\Program.csproj", "{CCCBD5E7-422A-444A-AB1D-F4D46CA3C8DA}"
EndProject
Project("{FAE04EC0-301F-11D3-BF4B-00C04F79EFBC}") = "Program.Tests", "src\2_greatest-common-divisor-of-strings\csharp\Program.Tests\Program.Tests.csproj", "{7C99D49C-9E84-4034-982D-B572407ED1DB}"
EndProject
Project("{2150E333-8FDC-42A3-9474-1A3956D46DE8}") = "3_kids-with-the-greatest-number-of-candies", "3_kids-with-the-greatest-number-of-candies", "{798F7942-F7A5-4800-ABE6-58C1463A212F}"
EndProject
Project("{2150E333-8FDC-42A3-9474-1A3956D46DE8}") = "csharp", "csharp", "{10555AA4-B3C8-49D2-AD6A-5275BD6D8115}"
EndProject
Project("{FAE04EC0-301F-11D3-BF4B-00C04F79EFBC}") = "Program", "src\3_kids-with-the-greatest-number-of-candies\csharp\Program\Program.csproj", "{40513EDB-87E8-4B20-AA16-2C8B325F7323}"
EndProject
Project("{FAE04EC0-301F-11D3-BF4B-00C04F79EFBC}") = "Program.Tests", "src\3_kids-with-the-greatest-number-of-candies\csharp\Program.Tests\Program.Tests.csproj", "{61E6BB97-B157-42D5-BD9B-D5BB7A7CB6C6}"
EndProject
Project("{2150E333-8FDC-42A3-9474-1A3956D46DE8}") = "4_can-place-flowers", "4_can-place-flowers", "{10C02614-20E6-45BB-B10D-AA4F3A001218}"
EndProject
Project("{2150E333-8FDC-42A3-9474-1A3956D46DE8}") = "csharp", "csharp", "{0BFA1D2B-16AD-460D-9B5A-049FDD688566}"
EndProject
Project("{FAE04EC0-301F-11D3-BF4B-00C04F79EFBC}") = "Program", "src\4_can-place-flowers\csharp\Program\Program.csproj", "{DD8D6AA7-FCEB-4E52-88E7-68C3F33438E2}"
EndProject
Project("{FAE04EC0-301F-11D3-BF4B-00C04F79EFBC}") = "Program.Tests", "src\4_can-place-flowers\csharp\Program.Tests\Program.Tests.csproj", "{2924DCD1-B855-4537-B9E2-02358312D3AE}"
EndProject
Project("{2150E333-8FDC-42A3-9474-1A3956D46DE8}") = "5_reverse-vowels-of-a-string", "5_reverse-vowels-of-a-string", "{A12C905D-279C-4A26-B451-90EE385D08E1}"
EndProject
Project("{2150E333-8FDC-42A3-9474-1A3956D46DE8}") = "csharp", "csharp", "{23BC28E1-60C9-40FC-B1A7-A45149B6F41E}"
EndProject
Project("{FAE04EC0-301F-11D3-BF4B-00C04F79EFBC}") = "Program", "src\5_reverse-vowels-of-a-string\csharp\Program\Program.csproj", "{CB698161-DFD6-4705-8C24-E90E2DF8173B}"
EndProject
Project("{FAE04EC0-301F-11D3-BF4B-00C04F79EFBC}") = "Program.Tests", "src\5_reverse-vowels-of-a-string\csharp\Program.Tests\Program.Tests.csproj", "{12CB9257-7165-4BDF-8D1A-F14B4D5E8B93}"
EndProject
Project("{2150E333-8FDC-42A3-9474-1A3956D46DE8}") = "6_reverse-words-in-a-string", "6_reverse-words-in-a-string", "{EBBF33AF-D4FE-401E-8DC8-8E4B5B2384C4}"
EndProject
Project("{2150E333-8FDC-42A3-9474-1A3956D46DE8}") = "csharp", "csharp", "{C784B33E-59F4-4EAF-9F32-7ABAAFB23A7C}"
EndProject
Project("{FAE04EC0-301F-11D3-BF4B-00C04F79EFBC}") = "Program", "src\6_reverse-words-in-a-string\csharp\Program\Program.csproj", "{CA282AAD-70C4-4DB3-86BC-7319438A8742}"
EndProject
Project("{FAE04EC0-301F-11D3-BF4B-00C04F79EFBC}") = "Program.Tests", "src\6_reverse-words-in-a-string\csharp\Program.Tests\Program.Tests.csproj", "{F159291C-2AFF-463A-B6F1-08981854AE44}"
EndProject
Project("{2150E333-8FDC-42A3-9474-1A3956D46DE8}") = "7_product-of-array-except-self", "7_product-of-array-except-self", "{64D3AEFB-DC5D-4F03-8C89-9B2A4CFED6E4}"
EndProject
Project("{2150E333-8FDC-42A3-9474-1A3956D46DE8}") = "csharp", "csharp", "{950F1CF4-7AF4-433E-9AE3-4B231E0BB580}"
EndProject
Project("{FAE04EC0-301F-11D3-BF4B-00C04F79EFBC}") = "Program", "src\7_product-of-array-except-self\csharp\Program\Program.csproj", "{234704AE-320A-4877-AF07-C19DF8729D9D}"
EndProject
Project("{FAE04EC0-301F-11D3-BF4B-00C04F79EFBC}") = "Program.Tests", "src\7_product-of-array-except-self\csharp\Program.Tests\Program.Tests.csproj", "{88983226-86F8-40B2-AA2C-CA6F816BEA7E}"
EndProject
Project("{2150E333-8FDC-42A3-9474-1A3956D46DE8}") = "8_increasing-triplet-subsequence", "8_increasing-triplet-subsequence", "{50584122-E6FF-47AE-89D1-79891DC4857B}"
EndProject
Project("{2150E333-8FDC-42A3-9474-1A3956D46DE8}") = "csharp", "csharp", "{0533B931-9765-4783-B913-75E937767D47}"
EndProject
Project("{FAE04EC0-301F-11D3-BF4B-00C04F79EFBC}") = "Program", "src\8_increasing-triplet-subsequence\csharp\Program\Program.csproj", "{1983826E-8060-4E18-B492-41C3688B2DA7}"
EndProject
Project("{FAE04EC0-301F-11D3-BF4B-00C04F79EFBC}") = "Program.Tests", "src\8_increasing-triplet-subsequence\csharp\Program.Tests\Program.Tests.csproj", "{CEE7B8B6-D447-4EDB-BA79-A9653043CD79}"
EndProject
Project("{2150E333-8FDC-42A3-9474-1A3956D46DE8}") = "9_string-compression", "9_string-compression", "{BFAF1F1E-F06A-4D3A-969A-787EB6A2ACF0}"
EndProject
Project("{2150E333-8FDC-42A3-9474-1A3956D46DE8}") = "csharp", "csharp", "{5CA71C79-271B-4A4C-BDFC-B00750CEA612}"
EndProject
Project("{FAE04EC0-301F-11D3-BF4B-00C04F79EFBC}") = "Program", "src\9_string-compression\csharp\Program\Program.csproj", "{214C784A-A651-4A00-8C09-55362BD8AD70}"
EndProject
Project("{FAE04EC0-301F-11D3-BF4B-00C04F79EFBC}") = "Program.Tests", "src\9_string-compression\csharp\Program.Tests\Program.Tests.csproj", "{AC4765A5-73BF-458D-A75F-1488A761E22B}"
EndProject
Project("{2150E333-8FDC-42A3-9474-1A3956D46DE8}") = "10_move-zeroes", "10_move-zeroes", "{9D6D407F-DA2C-485E-BF68-0F19D043697C}"
EndProject
Project("{2150E333-8FDC-42A3-9474-1A3956D46DE8}") = "csharp", "csharp", "{CCB945AC-821D-4D78-93A2-BF95ACA9F1B1}"
EndProject
Project("{FAE04EC0-301F-11D3-BF4B-00C04F79EFBC}") = "Program", "src\10_move-zeroes\csharp\Program\Program.csproj", "{745B51D8-1260-476B-8089-92845E471A56}"
EndProject
Project("{FAE04EC0-301F-11D3-BF4B-00C04F79EFBC}") = "Program.Tests", "src\10_move-zeroes\csharp\Program.Tests\Program.Tests.csproj", "{6FA38147-CB30-42E6-ACC9-348B2CE0E1F9}"
EndProject
Project("{2150E333-8FDC-42A3-9474-1A3956D46DE8}") = "11_is-subsequence", "11_is-subsequence", "{B09CAA05-4D1E-4682-BDE6-87C5E17D188E}"
EndProject
Project("{2150E333-8FDC-42A3-9474-1A3956D46DE8}") = "csharp", "csharp", "{5F52D393-A9D8-41B0-BA1E-FE2FEF0FCD82}"
EndProject
Project("{FAE04EC0-301F-11D3-BF4B-00C04F79EFBC}") = "Program", "src\11_is-subsequence\csharp\Program\Program.csproj", "{048E8800-FEEA-46DB-8E64-CEC4CF8030B5}"
EndProject
Project("{FAE04EC0-301F-11D3-BF4B-00C04F79EFBC}") = "Program.Tests", "src\11_is-subsequence\csharp\Program.Tests\Program.Tests.csproj", "{097EC957-14F2-40E0-9D94-1EF46213849D}"
EndProject
Project("{2150E333-8FDC-42A3-9474-1A3956D46DE8}") = "12_container-with-most-water", "12_container-with-most-water", "{73BD04C5-B973-4E64-BDBC-C104EAB930AA}"
EndProject
Project("{2150E333-8FDC-42A3-9474-1A3956D46DE8}") = "csharp", "csharp", "{5470C320-0CAD-425B-BC9A-C73D1E572DF4}"
EndProject
Project("{FAE04EC0-301F-11D3-BF4B-00C04F79EFBC}") = "Program", "src\12_container-with-most-water\csharp\Program\Program.csproj", "{C278CB18-A63F-40CA-B0CD-C2BFAE01219B}"
EndProject
Project("{FAE04EC0-301F-11D3-BF4B-00C04F79EFBC}") = "Program.Tests", "src\12_container-with-most-water\csharp\Program.Tests\Program.Tests.csproj", "{46F47F5A-6D0F-418A-8517-CA327BF5C268}"
EndProject
Project("{2150E333-8FDC-42A3-9474-1A3956D46DE8}") = "1679_max-number-of-k-sum-pairs", "1679_max-number-of-k-sum-pairs", "{E915DF42-0649-4CD4-A608-3558BE0ED21B}"
EndProject
Project("{2150E333-8FDC-42A3-9474-1A3956D46DE8}") = "csharp", "csharp", "{AF682DB2-B457-4FAC-A2F9-97F6721691D9}"
EndProject
Project("{FAE04EC0-301F-11D3-BF4B-00C04F79EFBC}") = "Program", "src\1679_max-number-of-k-sum-pairs\csharp\Program\Program.csproj", "{493D2EE4-C698-4B1B-81C9-F64EFDD0A546}"
EndProject
Project("{FAE04EC0-301F-11D3-BF4B-00C04F79EFBC}") = "Program.Tests", "src\1679_max-number-of-k-sum-pairs\csharp\Program.Tests\Program.Tests.csproj", "{EB01975F-0E95-43B2-9982-16F039EB2AED}"
EndProject
Global
	GlobalSection(SolutionConfigurationPlatforms) = preSolution
		Debug|Any CPU = Debug|Any CPU
		Release|Any CPU = Release|Any CPU
	EndGlobalSection
	GlobalSection(SolutionProperties) = preSolution
		HideSolutionNode = FALSE
	EndGlobalSection
	GlobalSection(ProjectConfigurationPlatforms) = postSolution
		{4ED2A90F-88C6-4C20-BDB1-43C317104F8D}.Debug|Any CPU.ActiveCfg = Debug|Any CPU
		{4ED2A90F-88C6-4C20-BDB1-43C317104F8D}.Debug|Any CPU.Build.0 = Debug|Any CPU
		{4ED2A90F-88C6-4C20-BDB1-43C317104F8D}.Release|Any CPU.ActiveCfg = Release|Any CPU
		{4ED2A90F-88C6-4C20-BDB1-43C317104F8D}.Release|Any CPU.Build.0 = Release|Any CPU
		{CCCBD5E7-422A-444A-AB1D-F4D46CA3C8DA}.Debug|Any CPU.ActiveCfg = Debug|Any CPU
		{CCCBD5E7-422A-444A-AB1D-F4D46CA3C8DA}.Debug|Any CPU.Build.0 = Debug|Any CPU
		{CCCBD5E7-422A-444A-AB1D-F4D46CA3C8DA}.Release|Any CPU.ActiveCfg = Release|Any CPU
		{CCCBD5E7-422A-444A-AB1D-F4D46CA3C8DA}.Release|Any CPU.Build.0 = Release|Any CPU
		{EC80E732-8560-46EC-9825-8E268497C023}.Debug|Any CPU.ActiveCfg = Debug|Any CPU
		{EC80E732-8560-46EC-9825-8E268497C023}.Debug|Any CPU.Build.0 = Debug|Any CPU
		{EC80E732-8560-46EC-9825-8E268497C023}.Release|Any CPU.ActiveCfg = Release|Any CPU
		{EC80E732-8560-46EC-9825-8E268497C023}.Release|Any CPU.Build.0 = Release|Any CPU
		{7C99D49C-9E84-4034-982D-B572407ED1DB}.Debug|Any CPU.ActiveCfg = Debug|Any CPU
		{7C99D49C-9E84-4034-982D-B572407ED1DB}.Debug|Any CPU.Build.0 = Debug|Any CPU
		{7C99D49C-9E84-4034-982D-B572407ED1DB}.Release|Any CPU.ActiveCfg = Release|Any CPU
		{7C99D49C-9E84-4034-982D-B572407ED1DB}.Release|Any CPU.Build.0 = Release|Any CPU
		{40513EDB-87E8-4B20-AA16-2C8B325F7323}.Debug|Any CPU.ActiveCfg = Debug|Any CPU
		{40513EDB-87E8-4B20-AA16-2C8B325F7323}.Debug|Any CPU.Build.0 = Debug|Any CPU
		{40513EDB-87E8-4B20-AA16-2C8B325F7323}.Release|Any CPU.ActiveCfg = Release|Any CPU
		{40513EDB-87E8-4B20-AA16-2C8B325F7323}.Release|Any CPU.Build.0 = Release|Any CPU
		{61E6BB97-B157-42D5-BD9B-D5BB7A7CB6C6}.Debug|Any CPU.ActiveCfg = Debug|Any CPU
		{61E6BB97-B157-42D5-BD9B-D5BB7A7CB6C6}.Debug|Any CPU.Build.0 = Debug|Any CPU
		{61E6BB97-B157-42D5-BD9B-D5BB7A7CB6C6}.Release|Any CPU.ActiveCfg = Release|Any CPU
		{61E6BB97-B157-42D5-BD9B-D5BB7A7CB6C6}.Release|Any CPU.Build.0 = Release|Any CPU
		{DD8D6AA7-FCEB-4E52-88E7-68C3F33438E2}.Debug|Any CPU.ActiveCfg = Debug|Any CPU
		{DD8D6AA7-FCEB-4E52-88E7-68C3F33438E2}.Debug|Any CPU.Build.0 = Debug|Any CPU
		{DD8D6AA7-FCEB-4E52-88E7-68C3F33438E2}.Release|Any CPU.ActiveCfg = Release|Any CPU
		{DD8D6AA7-FCEB-4E52-88E7-68C3F33438E2}.Release|Any CPU.Build.0 = Release|Any CPU
		{2924DCD1-B855-4537-B9E2-02358312D3AE}.Debug|Any CPU.ActiveCfg = Debug|Any CPU
		{2924DCD1-B855-4537-B9E2-02358312D3AE}.Debug|Any CPU.Build.0 = Debug|Any CPU
		{2924DCD1-B855-4537-B9E2-02358312D3AE}.Release|Any CPU.ActiveCfg = Release|Any CPU
		{2924DCD1-B855-4537-B9E2-02358312D3AE}.Release|Any CPU.Build.0 = Release|Any CPU
		{CB698161-DFD6-4705-8C24-E90E2DF8173B}.Debug|Any CPU.ActiveCfg = Debug|Any CPU
		{CB698161-DFD6-4705-8C24-E90E2DF8173B}.Debug|Any CPU.Build.0 = Debug|Any CPU
		{CB698161-DFD6-4705-8C24-E90E2DF8173B}.Release|Any CPU.ActiveCfg = Release|Any CPU
		{CB698161-DFD6-4705-8C24-E90E2DF8173B}.Release|Any CPU.Build.0 = Release|Any CPU
		{12CB9257-7165-4BDF-8D1A-F14B4D5E8B93}.Debug|Any CPU.ActiveCfg = Debug|Any CPU
		{12CB9257-7165-4BDF-8D1A-F14B4D5E8B93}.Debug|Any CPU.Build.0 = Debug|Any CPU
		{12CB9257-7165-4BDF-8D1A-F14B4D5E8B93}.Release|Any CPU.ActiveCfg = Release|Any CPU
		{12CB9257-7165-4BDF-8D1A-F14B4D5E8B93}.Release|Any CPU.Build.0 = Release|Any CPU
		{CA282AAD-70C4-4DB3-86BC-7319438A8742}.Debug|Any CPU.ActiveCfg = Debug|Any CPU
		{CA282AAD-70C4-4DB3-86BC-7319438A8742}.Debug|Any CPU.Build.0 = Debug|Any CPU
		{CA282AAD-70C4-4DB3-86BC-7319438A8742}.Release|Any CPU.ActiveCfg = Release|Any CPU
		{CA282AAD-70C4-4DB3-86BC-7319438A8742}.Release|Any CPU.Build.0 = Release|Any CPU
		{F159291C-2AFF-463A-B6F1-08981854AE44}.Debug|Any CPU.ActiveCfg = Debug|Any CPU
		{F159291C-2AFF-463A-B6F1-08981854AE44}.Debug|Any CPU.Build.0 = Debug|Any CPU
		{F159291C-2AFF-463A-B6F1-08981854AE44}.Release|Any CPU.ActiveCfg = Release|Any CPU
		{F159291C-2AFF-463A-B6F1-08981854AE44}.Release|Any CPU.Build.0 = Release|Any CPU
		{234704AE-320A-4877-AF07-C19DF8729D9D}.Debug|Any CPU.ActiveCfg = Debug|Any CPU
		{234704AE-320A-4877-AF07-C19DF8729D9D}.Debug|Any CPU.Build.0 = Debug|Any CPU
		{234704AE-320A-4877-AF07-C19DF8729D9D}.Release|Any CPU.ActiveCfg = Release|Any CPU
		{234704AE-320A-4877-AF07-C19DF8729D9D}.Release|Any CPU.Build.0 = Release|Any CPU
		{88983226-86F8-40B2-AA2C-CA6F816BEA7E}.Debug|Any CPU.ActiveCfg = Debug|Any CPU
		{88983226-86F8-40B2-AA2C-CA6F816BEA7E}.Debug|Any CPU.Build.0 = Debug|Any CPU
		{88983226-86F8-40B2-AA2C-CA6F816BEA7E}.Release|Any CPU.ActiveCfg = Release|Any CPU
		{88983226-86F8-40B2-AA2C-CA6F816BEA7E}.Release|Any CPU.Build.0 = Release|Any CPU
		{1983826E-8060-4E18-B492-41C3688B2DA7}.Debug|Any CPU.ActiveCfg = Debug|Any CPU
		{1983826E-8060-4E18-B492-41C3688B2DA7}.Debug|Any CPU.Build.0 = Debug|Any CPU
		{1983826E-8060-4E18-B492-41C3688B2DA7}.Release|Any CPU.ActiveCfg = Release|Any CPU
		{1983826E-8060-4E18-B492-41C3688B2DA7}.Release|Any CPU.Build.0 = Release|Any CPU
		{CEE7B8B6-D447-4EDB-BA79-A9653043CD79}.Debug|Any CPU.ActiveCfg = Debug|Any CPU
		{CEE7B8B6-D447-4EDB-BA79-A9653043CD79}.Debug|Any CPU.Build.0 = Debug|Any CPU
		{CEE7B8B6-D447-4EDB-BA79-A9653043CD79}.Release|Any CPU.ActiveCfg = Release|Any CPU
		{CEE7B8B6-D447-4EDB-BA79-A9653043CD79}.Release|Any CPU.Build.0 = Release|Any CPU
		{214C784A-A651-4A00-8C09-55362BD8AD70}.Debug|Any CPU.ActiveCfg = Debug|Any CPU
		{214C784A-A651-4A00-8C09-55362BD8AD70}.Debug|Any CPU.Build.0 = Debug|Any CPU
		{214C784A-A651-4A00-8C09-55362BD8AD70}.Release|Any CPU.ActiveCfg = Release|Any CPU
		{214C784A-A651-4A00-8C09-55362BD8AD70}.Release|Any CPU.Build.0 = Release|Any CPU
		{AC4765A5-73BF-458D-A75F-1488A761E22B}.Debug|Any CPU.ActiveCfg = Debug|Any CPU
		{AC4765A5-73BF-458D-A75F-1488A761E22B}.Debug|Any CPU.Build.0 = Debug|Any CPU
		{AC4765A5-73BF-458D-A75F-1488A761E22B}.Release|Any CPU.ActiveCfg = Release|Any CPU
		{AC4765A5-73BF-458D-A75F-1488A761E22B}.Release|Any CPU.Build.0 = Release|Any CPU
		{745B51D8-1260-476B-8089-92845E471A56}.Debug|Any CPU.ActiveCfg = Debug|Any CPU
		{745B51D8-1260-476B-8089-92845E471A56}.Debug|Any CPU.Build.0 = Debug|Any CPU
		{745B51D8-1260-476B-8089-92845E471A56}.Release|Any CPU.ActiveCfg = Release|Any CPU
		{745B51D8-1260-476B-8089-92845E471A56}.Release|Any CPU.Build.0 = Release|Any CPU
		{6FA38147-CB30-42E6-ACC9-348B2CE0E1F9}.Debug|Any CPU.ActiveCfg = Debug|Any CPU
		{6FA38147-CB30-42E6-ACC9-348B2CE0E1F9}.Debug|Any CPU.Build.0 = Debug|Any CPU
		{6FA38147-CB30-42E6-ACC9-348B2CE0E1F9}.Release|Any CPU.ActiveCfg = Release|Any CPU
		{6FA38147-CB30-42E6-ACC9-348B2CE0E1F9}.Release|Any CPU.Build.0 = Release|Any CPU
		{048E8800-FEEA-46DB-8E64-CEC4CF8030B5}.Debug|Any CPU.ActiveCfg = Debug|Any CPU
		{048E8800-FEEA-46DB-8E64-CEC4CF8030B5}.Debug|Any CPU.Build.0 = Debug|Any CPU
		{048E8800-FEEA-46DB-8E64-CEC4CF8030B5}.Release|Any CPU.ActiveCfg = Release|Any CPU
		{048E8800-FEEA-46DB-8E64-CEC4CF8030B5}.Release|Any CPU.Build.0 = Release|Any CPU
		{097EC957-14F2-40E0-9D94-1EF46213849D}.Debug|Any CPU.ActiveCfg = Debug|Any CPU
		{097EC957-14F2-40E0-9D94-1EF46213849D}.Debug|Any CPU.Build.0 = Debug|Any CPU
		{097EC957-14F2-40E0-9D94-1EF46213849D}.Release|Any CPU.ActiveCfg = Release|Any CPU
		{097EC957-14F2-40E0-9D94-1EF46213849D}.Release|Any CPU.Build.0 = Release|Any CPU
		{C278CB18-A63F-40CA-B0CD-C2BFAE01219B}.Debug|Any CPU.ActiveCfg = Debug|Any CPU
		{C278CB18-A63F-40CA-B0CD-C2BFAE01219B}.Debug|Any CPU.Build.0 = Debug|Any CPU
		{C278CB18-A63F-40CA-B0CD-C2BFAE01219B}.Release|Any CPU.ActiveCfg = Release|Any CPU
		{C278CB18-A63F-40CA-B0CD-C2BFAE01219B}.Release|Any CPU.Build.0 = Release|Any CPU
		{46F47F5A-6D0F-418A-8517-CA327BF5C268}.Debug|Any CPU.ActiveCfg = Debug|Any CPU
		{46F47F5A-6D0F-418A-8517-CA327BF5C268}.Debug|Any CPU.Build.0 = Debug|Any CPU
		{46F47F5A-6D0F-418A-8517-CA327BF5C268}.Release|Any CPU.ActiveCfg = Release|Any CPU
		{46F47F5A-6D0F-418A-8517-CA327BF5C268}.Release|Any CPU.Build.0 = Release|Any CPU
		{493D2EE4-C698-4B1B-81C9-F64EFDD0A546}.Debug|Any CPU.ActiveCfg = Debug|Any CPU
		{493D2EE4-C698-4B1B-81C9-F64EFDD0A546}.Debug|Any CPU.Build.0 = Debug|Any CPU
		{493D2EE4-C698-4B1B-81C9-F64EFDD0A546}.Release|Any CPU.ActiveCfg = Release|Any CPU
		{493D2EE4-C698-4B1B-81C9-F64EFDD0A546}.Release|Any CPU.Build.0 = Release|Any CPU
		{EB01975F-0E95-43B2-9982-16F039EB2AED}.Debug|Any CPU.ActiveCfg = Debug|Any CPU
		{EB01975F-0E95-43B2-9982-16F039EB2AED}.Debug|Any CPU.Build.0 = Debug|Any CPU
		{EB01975F-0E95-43B2-9982-16F039EB2AED}.Release|Any CPU.ActiveCfg = Release|Any CPU
		{EB01975F-0E95-43B2-9982-16F039EB2AED}.Release|Any CPU.Build.0 = Release|Any CPU
	EndGlobalSection
	GlobalSection(NestedProjects) = preSolution
		{3925DF05-96F4-4B5C-8B4B-4198983F782D} = {7A0634AD-F7FC-4E09-9BF5-677314379190}
		{24F693E6-9E98-4D09-84D1-29865E49A3E6} = {3925DF05-96F4-4B5C-8B4B-4198983F782D}
		{4ED2A90F-88C6-4C20-BDB1-43C317104F8D} = {24F693E6-9E98-4D09-84D1-29865E49A3E6}
		{820B48AD-4023-444A-87C2-69A8042B4685} = {7A0634AD-F7FC-4E09-9BF5-677314379190}
		{09AEC369-B626-4023-9B98-63846712FDC0} = {820B48AD-4023-444A-87C2-69A8042B4685}
		{CCCBD5E7-422A-444A-AB1D-F4D46CA3C8DA} = {09AEC369-B626-4023-9B98-63846712FDC0}
		{EC80E732-8560-46EC-9825-8E268497C023} = {24F693E6-9E98-4D09-84D1-29865E49A3E6}
		{7C99D49C-9E84-4034-982D-B572407ED1DB} = {09AEC369-B626-4023-9B98-63846712FDC0}
		{798F7942-F7A5-4800-ABE6-58C1463A212F} = {7A0634AD-F7FC-4E09-9BF5-677314379190}
		{10555AA4-B3C8-49D2-AD6A-5275BD6D8115} = {798F7942-F7A5-4800-ABE6-58C1463A212F}
		{40513EDB-87E8-4B20-AA16-2C8B325F7323} = {10555AA4-B3C8-49D2-AD6A-5275BD6D8115}
		{61E6BB97-B157-42D5-BD9B-D5BB7A7CB6C6} = {10555AA4-B3C8-49D2-AD6A-5275BD6D8115}
		{10C02614-20E6-45BB-B10D-AA4F3A001218} = {7A0634AD-F7FC-4E09-9BF5-677314379190}
		{0BFA1D2B-16AD-460D-9B5A-049FDD688566} = {10C02614-20E6-45BB-B10D-AA4F3A001218}
		{DD8D6AA7-FCEB-4E52-88E7-68C3F33438E2} = {0BFA1D2B-16AD-460D-9B5A-049FDD688566}
		{2924DCD1-B855-4537-B9E2-02358312D3AE} = {0BFA1D2B-16AD-460D-9B5A-049FDD688566}
		{A12C905D-279C-4A26-B451-90EE385D08E1} = {7A0634AD-F7FC-4E09-9BF5-677314379190}
		{23BC28E1-60C9-40FC-B1A7-A45149B6F41E} = {A12C905D-279C-4A26-B451-90EE385D08E1}
		{CB698161-DFD6-4705-8C24-E90E2DF8173B} = {23BC28E1-60C9-40FC-B1A7-A45149B6F41E}
		{12CB9257-7165-4BDF-8D1A-F14B4D5E8B93} = {23BC28E1-60C9-40FC-B1A7-A45149B6F41E}
		{EBBF33AF-D4FE-401E-8DC8-8E4B5B2384C4} = {7A0634AD-F7FC-4E09-9BF5-677314379190}
		{C784B33E-59F4-4EAF-9F32-7ABAAFB23A7C} = {EBBF33AF-D4FE-401E-8DC8-8E4B5B2384C4}
		{CA282AAD-70C4-4DB3-86BC-7319438A8742} = {C784B33E-59F4-4EAF-9F32-7ABAAFB23A7C}
		{F159291C-2AFF-463A-B6F1-08981854AE44} = {C784B33E-59F4-4EAF-9F32-7ABAAFB23A7C}
		{64D3AEFB-DC5D-4F03-8C89-9B2A4CFED6E4} = {7A0634AD-F7FC-4E09-9BF5-677314379190}
		{950F1CF4-7AF4-433E-9AE3-4B231E0BB580} = {64D3AEFB-DC5D-4F03-8C89-9B2A4CFED6E4}
		{234704AE-320A-4877-AF07-C19DF8729D9D} = {950F1CF4-7AF4-433E-9AE3-4B231E0BB580}
		{88983226-86F8-40B2-AA2C-CA6F816BEA7E} = {950F1CF4-7AF4-433E-9AE3-4B231E0BB580}
		{50584122-E6FF-47AE-89D1-79891DC4857B} = {7A0634AD-F7FC-4E09-9BF5-677314379190}
		{0533B931-9765-4783-B913-75E937767D47} = {50584122-E6FF-47AE-89D1-79891DC4857B}
		{1983826E-8060-4E18-B492-41C3688B2DA7} = {0533B931-9765-4783-B913-75E937767D47}
		{CEE7B8B6-D447-4EDB-BA79-A9653043CD79} = {0533B931-9765-4783-B913-75E937767D47}
		{BFAF1F1E-F06A-4D3A-969A-787EB6A2ACF0} = {7A0634AD-F7FC-4E09-9BF5-677314379190}
		{5CA71C79-271B-4A4C-BDFC-B00750CEA612} = {BFAF1F1E-F06A-4D3A-969A-787EB6A2ACF0}
		{214C784A-A651-4A00-8C09-55362BD8AD70} = {5CA71C79-271B-4A4C-BDFC-B00750CEA612}
		{AC4765A5-73BF-458D-A75F-1488A761E22B} = {5CA71C79-271B-4A4C-BDFC-B00750CEA612}
		{9D6D407F-DA2C-485E-BF68-0F19D043697C} = {7A0634AD-F7FC-4E09-9BF5-677314379190}
		{CCB945AC-821D-4D78-93A2-BF95ACA9F1B1} = {9D6D407F-DA2C-485E-BF68-0F19D043697C}
		{745B51D8-1260-476B-8089-92845E471A56} = {CCB945AC-821D-4D78-93A2-BF95ACA9F1B1}
		{6FA38147-CB30-42E6-ACC9-348B2CE0E1F9} = {CCB945AC-821D-4D78-93A2-BF95ACA9F1B1}
		{B09CAA05-4D1E-4682-BDE6-87C5E17D188E} = {7A0634AD-F7FC-4E09-9BF5-677314379190}
		{5F52D393-A9D8-41B0-BA1E-FE2FEF0FCD82} = {B09CAA05-4D1E-4682-BDE6-87C5E17D188E}
		{048E8800-FEEA-46DB-8E64-CEC4CF8030B5} = {5F52D393-A9D8-41B0-BA1E-FE2FEF0FCD82}
		{097EC957-14F2-40E0-9D94-1EF46213849D} = {5F52D393-A9D8-41B0-BA1E-FE2FEF0FCD82}
		{73BD04C5-B973-4E64-BDBC-C104EAB930AA} = {7A0634AD-F7FC-4E09-9BF5-677314379190}
		{5470C320-0CAD-425B-BC9A-C73D1E572DF4} = {73BD04C5-B973-4E64-BDBC-C104EAB930AA}
		{C278CB18-A63F-40CA-B0CD-C2BFAE01219B} = {5470C320-0CAD-425B-BC9A-C73D1E572DF4}
		{46F47F5A-6D0F-418A-8517-CA327BF5C268} = {5470C320-0CAD-425B-BC9A-C73D1E572DF4}
		{E915DF42-0649-4CD4-A608-3558BE0ED21B} = {7A0634AD-F7FC-4E09-9BF5-677314379190}
		{AF682DB2-B457-4FAC-A2F9-97F6721691D9} = {E915DF42-0649-4CD4-A608-3558BE0ED21B}
		{493D2EE4-C698-4B1B-81C9-F64EFDD0A546} = {AF682DB2-B457-4FAC-A2F9-97F6721691D9}
		{EB01975F-0E95-43B2-9982-16F039EB2AED} = {AF682DB2-B457-4FAC-A2F9-97F6721691D9}
	EndGlobalSection
EndGlobal
